// !$*UTF8*$!
{
	archiveVersion = 1;
	classes = {
	};
	objectVersion = 77;
	objects = {

/* Begin PBXBuildFile section */
		373156F02EA2118300092A2C /* AboutKit in Frameworks */ = {isa = PBXBuildFile; productRef = 373156EF2EA2118300092A2C /* AboutKit */; };
		373156F22EA2118900092A2C /* CommonExtensions in Frameworks */ = {isa = PBXBuildFile; productRef = 373156F12EA2118900092A2C /* CommonExtensions */; };
		373156F42EA2118E00092A2C /* CoreIME in Frameworks */ = {isa = PBXBuildFile; productRef = 373156F32EA2118E00092A2C /* CoreIME */; };
		373156F52EA211C400092A2C /* Sparkle.framework in Frameworks */ = {isa = PBXBuildFile; fileRef = 373156ED2EA2116E00092A2C /* Sparkle.framework */; };
		373156F62EA211C400092A2C /* Sparkle.framework in Embed Frameworks */ = {isa = PBXBuildFile; fileRef = 373156ED2EA2116E00092A2C /* Sparkle.framework */; settings = {ATTRIBUTES = (CodeSignOnCopy, RemoveHeadersOnCopy, ); }; };
		373A15152EA1ED29004866F7 /* AboutKit in Frameworks */ = {isa = PBXBuildFile; productRef = 373A15142EA1ED29004866F7 /* AboutKit */; };
		373A15172EA1ED2F004866F7 /* AppDataSource in Frameworks */ = {isa = PBXBuildFile; productRef = 373A15162EA1ED2F004866F7 /* AppDataSource */; };
		373A15192EA1ED34004866F7 /* CommonExtensions in Frameworks */ = {isa = PBXBuildFile; productRef = 373A15182EA1ED34004866F7 /* CommonExtensions */; };
		373A151B2EA1ED38004866F7 /* Linguistics in Frameworks */ = {isa = PBXBuildFile; productRef = 373A151A2EA1ED38004866F7 /* Linguistics */; };
		373A15F92EA206C6004866F7 /* Keyboard.appex in Embed Foundation Extensions */ = {isa = PBXBuildFile; fileRef = 373A15F22EA206C6004866F7 /* Keyboard.appex */; platformFilter = ios; settings = {ATTRIBUTES = (RemoveHeadersOnCopy, ); }; };
		373A18512EA208E8004866F7 /* CommonExtensions in Frameworks */ = {isa = PBXBuildFile; productRef = 373A18502EA208E8004866F7 /* CommonExtensions */; };
		373A18532EA208ED004866F7 /* CoreIME in Frameworks */ = {isa = PBXBuildFile; productRef = 373A18522EA208ED004866F7 /* CoreIME */; };
/* End PBXBuildFile section */

/* Begin PBXContainerItemProxy section */
		373A15F72EA206C6004866F7 /* PBXContainerItemProxy */ = {
			isa = PBXContainerItemProxy;
			containerPortal = 37ED438B2EA0779700F28272 /* Project object */;
			proxyType = 1;
			remoteGlobalIDString = 373A15F12EA206C6004866F7;
			remoteInfo = Keyboard;
		};
		373A1AC32EA20EEA004866F7 /* PBXContainerItemProxy */ = {
			isa = PBXContainerItemProxy;
			containerPortal = 37ED438B2EA0779700F28272 /* Project object */;
			proxyType = 1;
			remoteGlobalIDString = 373A1AB52EA20EE9004866F7;
			remoteInfo = InputMethod;
		};
		373A1ACD2EA20EEA004866F7 /* PBXContainerItemProxy */ = {
			isa = PBXContainerItemProxy;
			containerPortal = 37ED438B2EA0779700F28272 /* Project object */;
			proxyType = 1;
			remoteGlobalIDString = 373A1AB52EA20EE9004866F7;
			remoteInfo = InputMethod;
		};
		37ED43A12EA0779800F28272 /* PBXContainerItemProxy */ = {
			isa = PBXContainerItemProxy;
			containerPortal = 37ED438B2EA0779700F28272 /* Project object */;
			proxyType = 1;
			remoteGlobalIDString = 37ED43922EA0779700F28272;
			remoteInfo = Jyutping;
		};
		37ED43AB2EA0779800F28272 /* PBXContainerItemProxy */ = {
			isa = PBXContainerItemProxy;
			containerPortal = 37ED438B2EA0779700F28272 /* Project object */;
			proxyType = 1;
			remoteGlobalIDString = 37ED43922EA0779700F28272;
			remoteInfo = Jyutping;
		};
/* End PBXContainerItemProxy section */

/* Begin PBXCopyFilesBuildPhase section */
		373156F72EA211C400092A2C /* Embed Frameworks */ = {
			isa = PBXCopyFilesBuildPhase;
			buildActionMask = 2147483647;
			dstPath = "";
			dstSubfolderSpec = 10;
			files = (
				373156F62EA211C400092A2C /* Sparkle.framework in Embed Frameworks */,
			);
			name = "Embed Frameworks";
			runOnlyForDeploymentPostprocessing = 0;
		};
		373A15FA2EA206C6004866F7 /* Embed Foundation Extensions */ = {
			isa = PBXCopyFilesBuildPhase;
			buildActionMask = 2147483647;
			dstPath = "";
			dstSubfolderSpec = 13;
			files = (
				373A15F92EA206C6004866F7 /* Keyboard.appex in Embed Foundation Extensions */,
			);
			name = "Embed Foundation Extensions";
			runOnlyForDeploymentPostprocessing = 0;
		};
/* End PBXCopyFilesBuildPhase section */

/* Begin PBXFileReference section */
		373156ED2EA2116E00092A2C /* Sparkle.framework */ = {isa = PBXFileReference; lastKnownFileType = wrapper.framework; path = Sparkle.framework; sourceTree = "<group>"; };
		373A150E2EA1ECD3004866F7 /* CommonExtensions */ = {isa = PBXFileReference; lastKnownFileType = wrapper; name = CommonExtensions; path = Modules/CommonExtensions; sourceTree = "<group>"; };
		373A150F2EA1ECFA004866F7 /* AboutKit */ = {isa = PBXFileReference; lastKnownFileType = wrapper; name = AboutKit; path = Modules/AboutKit; sourceTree = "<group>"; };
		373A15102EA1ED02004866F7 /* Linguistics */ = {isa = PBXFileReference; lastKnownFileType = wrapper; name = Linguistics; path = Modules/Linguistics; sourceTree = "<group>"; };
		373A15112EA1ED0A004866F7 /* AppDataSource */ = {isa = PBXFileReference; lastKnownFileType = wrapper; name = AppDataSource; path = Modules/AppDataSource; sourceTree = "<group>"; };
		373A15122EA1ED15004866F7 /* CoreIME */ = {isa = PBXFileReference; lastKnownFileType = wrapper; name = CoreIME; path = Modules/CoreIME; sourceTree = "<group>"; };
		373A15F22EA206C6004866F7 /* Keyboard.appex */ = {isa = PBXFileReference; explicitFileType = "wrapper.app-extension"; includeInIndex = 0; path = Keyboard.appex; sourceTree = BUILT_PRODUCTS_DIR; };
		373A1AB62EA20EE9004866F7 /* InputMethod.app */ = {isa = PBXFileReference; explicitFileType = wrapper.application; includeInIndex = 0; path = InputMethod.app; sourceTree = BUILT_PRODUCTS_DIR; };
		373A1AC22EA20EEA004866F7 /* InputMethodTests.xctest */ = {isa = PBXFileReference; explicitFileType = wrapper.cfbundle; includeInIndex = 0; path = InputMethodTests.xctest; sourceTree = BUILT_PRODUCTS_DIR; };
		373A1ACC2EA20EEA004866F7 /* InputMethodUITests.xctest */ = {isa = PBXFileReference; explicitFileType = wrapper.cfbundle; includeInIndex = 0; path = InputMethodUITests.xctest; sourceTree = BUILT_PRODUCTS_DIR; };
		37ED43932EA0779700F28272 /* Jyutping.app */ = {isa = PBXFileReference; explicitFileType = wrapper.application; includeInIndex = 0; path = Jyutping.app; sourceTree = BUILT_PRODUCTS_DIR; };
		37ED43A02EA0779800F28272 /* JyutpingTests.xctest */ = {isa = PBXFileReference; explicitFileType = wrapper.cfbundle; includeInIndex = 0; path = JyutpingTests.xctest; sourceTree = BUILT_PRODUCTS_DIR; };
		37ED43AA2EA0779800F28272 /* JyutpingUITests.xctest */ = {isa = PBXFileReference; explicitFileType = wrapper.cfbundle; includeInIndex = 0; path = JyutpingUITests.xctest; sourceTree = BUILT_PRODUCTS_DIR; };
/* End PBXFileReference section */

/* Begin PBXFileSystemSynchronizedBuildFileExceptionSet section */
		373A15FD2EA206C6004866F7 /* Exceptions for "Keyboard" folder in "Keyboard" target */ = {
			isa = PBXFileSystemSynchronizedBuildFileExceptionSet;
			membershipExceptions = (
				Info.plist,
			);
			target = 373A15F12EA206C6004866F7 /* Keyboard */;
		};
		37A927202EA22A3E001BC787 /* Exceptions for "InputMethod" folder in "InputMethod" target */ = {
			isa = PBXFileSystemSynchronizedBuildFileExceptionSet;
			membershipExceptions = (
				Info.plist,
				InputMethodDebug.xcconfig,
				InputMethodRelease.xcconfig,
			);
			target = 373A1AB52EA20EE9004866F7 /* InputMethod */;
		};
/* End PBXFileSystemSynchronizedBuildFileExceptionSet section */

/* Begin PBXFileSystemSynchronizedRootGroup section */
		373A15F32EA206C6004866F7 /* Keyboard */ = {
			isa = PBXFileSystemSynchronizedRootGroup;
			exceptions = (
				373A15FD2EA206C6004866F7 /* Exceptions for "Keyboard" folder in "Keyboard" target */,
			);
			path = Keyboard;
			sourceTree = "<group>";
		};
		373A1AB72EA20EE9004866F7 /* InputMethod */ = {
			isa = PBXFileSystemSynchronizedRootGroup;
			exceptions = (
				37A927202EA22A3E001BC787 /* Exceptions for "InputMethod" folder in "InputMethod" target */,
			);
			path = InputMethod;
			sourceTree = "<group>";
		};
		373A1AC52EA20EEA004866F7 /* InputMethodTests */ = {
			isa = PBXFileSystemSynchronizedRootGroup;
			path = InputMethodTests;
			sourceTree = "<group>";
		};
		373A1ACF2EA20EEA004866F7 /* InputMethodUITests */ = {
			isa = PBXFileSystemSynchronizedRootGroup;
			path = InputMethodUITests;
			sourceTree = "<group>";
		};
		37ED43952EA0779700F28272 /* Jyutping */ = {
			isa = PBXFileSystemSynchronizedRootGroup;
			path = Jyutping;
			sourceTree = "<group>";
		};
		37ED43A32EA0779800F28272 /* JyutpingTests */ = {
			isa = PBXFileSystemSynchronizedRootGroup;
			path = JyutpingTests;
			sourceTree = "<group>";
		};
		37ED43AD2EA0779800F28272 /* JyutpingUITests */ = {
			isa = PBXFileSystemSynchronizedRootGroup;
			path = JyutpingUITests;
			sourceTree = "<group>";
		};
/* End PBXFileSystemSynchronizedRootGroup section */

/* Begin PBXFrameworksBuildPhase section */
		373A15EF2EA206C6004866F7 /* Frameworks */ = {
			isa = PBXFrameworksBuildPhase;
			buildActionMask = 2147483647;
			files = (
				373A18512EA208E8004866F7 /* CommonExtensions in Frameworks */,
				373A18532EA208ED004866F7 /* CoreIME in Frameworks */,
			);
			runOnlyForDeploymentPostprocessing = 0;
		};
		373A1AB32EA20EE9004866F7 /* Frameworks */ = {
			isa = PBXFrameworksBuildPhase;
			buildActionMask = 2147483647;
			files = (
				373156F22EA2118900092A2C /* CommonExtensions in Frameworks */,
				373156F02EA2118300092A2C /* AboutKit in Frameworks */,
				373156F42EA2118E00092A2C /* CoreIME in Frameworks */,
				373156F52EA211C400092A2C /* Sparkle.framework in Frameworks */,
			);
			runOnlyForDeploymentPostprocessing = 0;
		};
		373A1ABF2EA20EEA004866F7 /* Frameworks */ = {
			isa = PBXFrameworksBuildPhase;
			buildActionMask = 2147483647;
			files = (
			);
			runOnlyForDeploymentPostprocessing = 0;
		};
		373A1AC92EA20EEA004866F7 /* Frameworks */ = {
			isa = PBXFrameworksBuildPhase;
			buildActionMask = 2147483647;
			files = (
			);
			runOnlyForDeploymentPostprocessing = 0;
		};
		37ED43902EA0779700F28272 /* Frameworks */ = {
			isa = PBXFrameworksBuildPhase;
			buildActionMask = 2147483647;
			files = (
				373A15192EA1ED34004866F7 /* CommonExtensions in Frameworks */,
				373A151B2EA1ED38004866F7 /* Linguistics in Frameworks */,
				373A15152EA1ED29004866F7 /* AboutKit in Frameworks */,
				373A15172EA1ED2F004866F7 /* AppDataSource in Frameworks */,
			);
			runOnlyForDeploymentPostprocessing = 0;
		};
		37ED439D2EA0779800F28272 /* Frameworks */ = {
			isa = PBXFrameworksBuildPhase;
			buildActionMask = 2147483647;
			files = (
			);
			runOnlyForDeploymentPostprocessing = 0;
		};
		37ED43A72EA0779800F28272 /* Frameworks */ = {
			isa = PBXFrameworksBuildPhase;
			buildActionMask = 2147483647;
			files = (
			);
			runOnlyForDeploymentPostprocessing = 0;
		};
/* End PBXFrameworksBuildPhase section */

/* Begin PBXGroup section */
		373A15132EA1ED29004866F7 /* Frameworks */ = {
			isa = PBXGroup;
			children = (
			);
			name = Frameworks;
			sourceTree = "<group>";
		};
		37ED438A2EA0779700F28272 = {
			isa = PBXGroup;
			children = (
				37ED43952EA0779700F28272 /* Jyutping */,
				37ED43A32EA0779800F28272 /* JyutpingTests */,
				37ED43AD2EA0779800F28272 /* JyutpingUITests */,
				373A15F32EA206C6004866F7 /* Keyboard */,
				373A1AB72EA20EE9004866F7 /* InputMethod */,
				373A1AC52EA20EEA004866F7 /* InputMethodTests */,
				373A1ACF2EA20EEA004866F7 /* InputMethodUITests */,
				37ED43942EA0779700F28272 /* Products */,
				373A150E2EA1ECD3004866F7 /* CommonExtensions */,
				373A150F2EA1ECFA004866F7 /* AboutKit */,
				373A15102EA1ED02004866F7 /* Linguistics */,
				373A15112EA1ED0A004866F7 /* AppDataSource */,
				373A15122EA1ED15004866F7 /* CoreIME */,
				373A15132EA1ED29004866F7 /* Frameworks */,
				373156ED2EA2116E00092A2C /* Sparkle.framework */,
			);
			sourceTree = "<group>";
		};
		37ED43942EA0779700F28272 /* Products */ = {
			isa = PBXGroup;
			children = (
				37ED43932EA0779700F28272 /* Jyutping.app */,
				37ED43A02EA0779800F28272 /* JyutpingTests.xctest */,
				37ED43AA2EA0779800F28272 /* JyutpingUITests.xctest */,
				373A15F22EA206C6004866F7 /* Keyboard.appex */,
				373A1AB62EA20EE9004866F7 /* InputMethod.app */,
				373A1AC22EA20EEA004866F7 /* InputMethodTests.xctest */,
				373A1ACC2EA20EEA004866F7 /* InputMethodUITests.xctest */,
			);
			name = Products;
			sourceTree = "<group>";
		};
/* End PBXGroup section */

/* Begin PBXNativeTarget section */
		373A15F12EA206C6004866F7 /* Keyboard */ = {
			isa = PBXNativeTarget;
			buildConfigurationList = 373A15FE2EA206C6004866F7 /* Build configuration list for PBXNativeTarget "Keyboard" */;
			buildPhases = (
				373A15EE2EA206C6004866F7 /* Sources */,
				373A15EF2EA206C6004866F7 /* Frameworks */,
				373A15F02EA206C6004866F7 /* Resources */,
			);
			buildRules = (
			);
			dependencies = (
			);
			fileSystemSynchronizedGroups = (
				373A15F32EA206C6004866F7 /* Keyboard */,
			);
			name = Keyboard;
			packageProductDependencies = (
				373A18502EA208E8004866F7 /* CommonExtensions */,
				373A18522EA208ED004866F7 /* CoreIME */,
			);
			productName = Keyboard;
			productReference = 373A15F22EA206C6004866F7 /* Keyboard.appex */;
			productType = "com.apple.product-type.app-extension";
		};
		373A1AB52EA20EE9004866F7 /* InputMethod */ = {
			isa = PBXNativeTarget;
			buildConfigurationList = 373A1ADA2EA20EEA004866F7 /* Build configuration list for PBXNativeTarget "InputMethod" */;
			buildPhases = (
				373A1AB22EA20EE9004866F7 /* Sources */,
				373A1AB32EA20EE9004866F7 /* Frameworks */,
				373A1AB42EA20EE9004866F7 /* Resources */,
				373156F72EA211C400092A2C /* Embed Frameworks */,
			);
			buildRules = (
			);
			dependencies = (
			);
			fileSystemSynchronizedGroups = (
				373A1AB72EA20EE9004866F7 /* InputMethod */,
			);
			name = InputMethod;
			packageProductDependencies = (
				373156EF2EA2118300092A2C /* AboutKit */,
				373156F12EA2118900092A2C /* CommonExtensions */,
				373156F32EA2118E00092A2C /* CoreIME */,
			);
			productName = InputMethod;
			productReference = 373A1AB62EA20EE9004866F7 /* InputMethod.app */;
			productType = "com.apple.product-type.application";
		};
		373A1AC12EA20EEA004866F7 /* InputMethodTests */ = {
			isa = PBXNativeTarget;
			buildConfigurationList = 373A1ADB2EA20EEA004866F7 /* Build configuration list for PBXNativeTarget "InputMethodTests" */;
			buildPhases = (
				373A1ABE2EA20EEA004866F7 /* Sources */,
				373A1ABF2EA20EEA004866F7 /* Frameworks */,
				373A1AC02EA20EEA004866F7 /* Resources */,
			);
			buildRules = (
			);
			dependencies = (
				373A1AC42EA20EEA004866F7 /* PBXTargetDependency */,
			);
			fileSystemSynchronizedGroups = (
				373A1AC52EA20EEA004866F7 /* InputMethodTests */,
			);
			name = InputMethodTests;
			packageProductDependencies = (
			);
			productName = InputMethodTests;
			productReference = 373A1AC22EA20EEA004866F7 /* InputMethodTests.xctest */;
			productType = "com.apple.product-type.bundle.unit-test";
		};
		373A1ACB2EA20EEA004866F7 /* InputMethodUITests */ = {
			isa = PBXNativeTarget;
			buildConfigurationList = 373A1ADC2EA20EEA004866F7 /* Build configuration list for PBXNativeTarget "InputMethodUITests" */;
			buildPhases = (
				373A1AC82EA20EEA004866F7 /* Sources */,
				373A1AC92EA20EEA004866F7 /* Frameworks */,
				373A1ACA2EA20EEA004866F7 /* Resources */,
			);
			buildRules = (
			);
			dependencies = (
				373A1ACE2EA20EEA004866F7 /* PBXTargetDependency */,
			);
			fileSystemSynchronizedGroups = (
				373A1ACF2EA20EEA004866F7 /* InputMethodUITests */,
			);
			name = InputMethodUITests;
			packageProductDependencies = (
			);
			productName = InputMethodUITests;
			productReference = 373A1ACC2EA20EEA004866F7 /* InputMethodUITests.xctest */;
			productType = "com.apple.product-type.bundle.ui-testing";
		};
		37ED43922EA0779700F28272 /* Jyutping */ = {
			isa = PBXNativeTarget;
			buildConfigurationList = 37ED43B42EA0779800F28272 /* Build configuration list for PBXNativeTarget "Jyutping" */;
			buildPhases = (
				37ED438F2EA0779700F28272 /* Sources */,
				37ED43902EA0779700F28272 /* Frameworks */,
				37ED43912EA0779700F28272 /* Resources */,
				373A15FA2EA206C6004866F7 /* Embed Foundation Extensions */,
			);
			buildRules = (
			);
			dependencies = (
				373A15F82EA206C6004866F7 /* PBXTargetDependency */,
			);
			fileSystemSynchronizedGroups = (
				37ED43952EA0779700F28272 /* Jyutping */,
			);
			name = Jyutping;
			packageProductDependencies = (
				373A15142EA1ED29004866F7 /* AboutKit */,
				373A15162EA1ED2F004866F7 /* AppDataSource */,
				373A15182EA1ED34004866F7 /* CommonExtensions */,
				373A151A2EA1ED38004866F7 /* Linguistics */,
			);
			productName = Jyutping;
			productReference = 37ED43932EA0779700F28272 /* Jyutping.app */;
			productType = "com.apple.product-type.application";
		};
		37ED439F2EA0779800F28272 /* JyutpingTests */ = {
			isa = PBXNativeTarget;
			buildConfigurationList = 37ED43B72EA0779800F28272 /* Build configuration list for PBXNativeTarget "JyutpingTests" */;
			buildPhases = (
				37ED439C2EA0779800F28272 /* Sources */,
				37ED439D2EA0779800F28272 /* Frameworks */,
				37ED439E2EA0779800F28272 /* Resources */,
			);
			buildRules = (
			);
			dependencies = (
				37ED43A22EA0779800F28272 /* PBXTargetDependency */,
			);
			fileSystemSynchronizedGroups = (
				37ED43A32EA0779800F28272 /* JyutpingTests */,
			);
			name = JyutpingTests;
			packageProductDependencies = (
			);
			productName = JyutpingTests;
			productReference = 37ED43A02EA0779800F28272 /* JyutpingTests.xctest */;
			productType = "com.apple.product-type.bundle.unit-test";
		};
		37ED43A92EA0779800F28272 /* JyutpingUITests */ = {
			isa = PBXNativeTarget;
			buildConfigurationList = 37ED43BA2EA0779800F28272 /* Build configuration list for PBXNativeTarget "JyutpingUITests" */;
			buildPhases = (
				37ED43A62EA0779800F28272 /* Sources */,
				37ED43A72EA0779800F28272 /* Frameworks */,
				37ED43A82EA0779800F28272 /* Resources */,
			);
			buildRules = (
			);
			dependencies = (
				37ED43AC2EA0779800F28272 /* PBXTargetDependency */,
			);
			fileSystemSynchronizedGroups = (
				37ED43AD2EA0779800F28272 /* JyutpingUITests */,
			);
			name = JyutpingUITests;
			packageProductDependencies = (
			);
			productName = JyutpingUITests;
			productReference = 37ED43AA2EA0779800F28272 /* JyutpingUITests.xctest */;
			productType = "com.apple.product-type.bundle.ui-testing";
		};
/* End PBXNativeTarget section */

/* Begin PBXProject section */
		37ED438B2EA0779700F28272 /* Project object */ = {
			isa = PBXProject;
			attributes = {
				BuildIndependentTargetsInParallel = 1;
				LastSwiftUpdateCheck = 2600;
				LastUpgradeCheck = 2620;
				TargetAttributes = {
					373A15F12EA206C6004866F7 = {
						CreatedOnToolsVersion = 26.0.1;
					};
					373A1AB52EA20EE9004866F7 = {
						CreatedOnToolsVersion = 26.0.1;
					};
					373A1AC12EA20EEA004866F7 = {
						CreatedOnToolsVersion = 26.0.1;
						TestTargetID = 373A1AB52EA20EE9004866F7;
					};
					373A1ACB2EA20EEA004866F7 = {
						CreatedOnToolsVersion = 26.0.1;
						TestTargetID = 373A1AB52EA20EE9004866F7;
					};
					37ED43922EA0779700F28272 = {
						CreatedOnToolsVersion = 26.0.1;
					};
					37ED439F2EA0779800F28272 = {
						CreatedOnToolsVersion = 26.0.1;
						TestTargetID = 37ED43922EA0779700F28272;
					};
					37ED43A92EA0779800F28272 = {
						CreatedOnToolsVersion = 26.0.1;
						TestTargetID = 37ED43922EA0779700F28272;
					};
				};
			};
			buildConfigurationList = 37ED438E2EA0779700F28272 /* Build configuration list for PBXProject "Jyutping" */;
			developmentRegion = en;
			hasScannedForEncodings = 0;
			knownRegions = (
				en,
				Base,
				"en-US",
				"en-GB",
				"en-CA",
				"zh-Hant",
				"zh-HK",
				"zh-Hans",
				"zh-Hant-HK",
				"zh-Hant-MO",
				"zh-Hant-TW",
				"zh-Hant-CN",
				yue,
				"zh-Hans-CN",
				fr,
				ja,
			);
			mainGroup = 37ED438A2EA0779700F28272;
			minimizedProjectReferenceProxies = 1;
			preferredProjectObjectVersion = 77;
			productRefGroup = 37ED43942EA0779700F28272 /* Products */;
			projectDirPath = "";
			projectRoot = "";
			targets = (
				37ED43922EA0779700F28272 /* Jyutping */,
				37ED439F2EA0779800F28272 /* JyutpingTests */,
				37ED43A92EA0779800F28272 /* JyutpingUITests */,
				373A15F12EA206C6004866F7 /* Keyboard */,
				373A1AB52EA20EE9004866F7 /* InputMethod */,
				373A1AC12EA20EEA004866F7 /* InputMethodTests */,
				373A1ACB2EA20EEA004866F7 /* InputMethodUITests */,
			);
		};
/* End PBXProject section */

/* Begin PBXResourcesBuildPhase section */
		373A15F02EA206C6004866F7 /* Resources */ = {
			isa = PBXResourcesBuildPhase;
			buildActionMask = 2147483647;
			files = (
			);
			runOnlyForDeploymentPostprocessing = 0;
		};
		373A1AB42EA20EE9004866F7 /* Resources */ = {
			isa = PBXResourcesBuildPhase;
			buildActionMask = 2147483647;
			files = (
			);
			runOnlyForDeploymentPostprocessing = 0;
		};
		373A1AC02EA20EEA004866F7 /* Resources */ = {
			isa = PBXResourcesBuildPhase;
			buildActionMask = 2147483647;
			files = (
			);
			runOnlyForDeploymentPostprocessing = 0;
		};
		373A1ACA2EA20EEA004866F7 /* Resources */ = {
			isa = PBXResourcesBuildPhase;
			buildActionMask = 2147483647;
			files = (
			);
			runOnlyForDeploymentPostprocessing = 0;
		};
		37ED43912EA0779700F28272 /* Resources */ = {
			isa = PBXResourcesBuildPhase;
			buildActionMask = 2147483647;
			files = (
			);
			runOnlyForDeploymentPostprocessing = 0;
		};
		37ED439E2EA0779800F28272 /* Resources */ = {
			isa = PBXResourcesBuildPhase;
			buildActionMask = 2147483647;
			files = (
			);
			runOnlyForDeploymentPostprocessing = 0;
		};
		37ED43A82EA0779800F28272 /* Resources */ = {
			isa = PBXResourcesBuildPhase;
			buildActionMask = 2147483647;
			files = (
			);
			runOnlyForDeploymentPostprocessing = 0;
		};
/* End PBXResourcesBuildPhase section */

/* Begin PBXSourcesBuildPhase section */
		373A15EE2EA206C6004866F7 /* Sources */ = {
			isa = PBXSourcesBuildPhase;
			buildActionMask = 2147483647;
			files = (
			);
			runOnlyForDeploymentPostprocessing = 0;
		};
		373A1AB22EA20EE9004866F7 /* Sources */ = {
			isa = PBXSourcesBuildPhase;
			buildActionMask = 2147483647;
			files = (
			);
			runOnlyForDeploymentPostprocessing = 0;
		};
		373A1ABE2EA20EEA004866F7 /* Sources */ = {
			isa = PBXSourcesBuildPhase;
			buildActionMask = 2147483647;
			files = (
			);
			runOnlyForDeploymentPostprocessing = 0;
		};
		373A1AC82EA20EEA004866F7 /* Sources */ = {
			isa = PBXSourcesBuildPhase;
			buildActionMask = 2147483647;
			files = (
			);
			runOnlyForDeploymentPostprocessing = 0;
		};
		37ED438F2EA0779700F28272 /* Sources */ = {
			isa = PBXSourcesBuildPhase;
			buildActionMask = 2147483647;
			files = (
			);
			runOnlyForDeploymentPostprocessing = 0;
		};
		37ED439C2EA0779800F28272 /* Sources */ = {
			isa = PBXSourcesBuildPhase;
			buildActionMask = 2147483647;
			files = (
			);
			runOnlyForDeploymentPostprocessing = 0;
		};
		37ED43A62EA0779800F28272 /* Sources */ = {
			isa = PBXSourcesBuildPhase;
			buildActionMask = 2147483647;
			files = (
			);
			runOnlyForDeploymentPostprocessing = 0;
		};
/* End PBXSourcesBuildPhase section */

/* Begin PBXTargetDependency section */
		373A15F82EA206C6004866F7 /* PBXTargetDependency */ = {
			isa = PBXTargetDependency;
			platformFilter = ios;
			target = 373A15F12EA206C6004866F7 /* Keyboard */;
			targetProxy = 373A15F72EA206C6004866F7 /* PBXContainerItemProxy */;
		};
		373A1AC42EA20EEA004866F7 /* PBXTargetDependency */ = {
			isa = PBXTargetDependency;
			target = 373A1AB52EA20EE9004866F7 /* InputMethod */;
			targetProxy = 373A1AC32EA20EEA004866F7 /* PBXContainerItemProxy */;
		};
		373A1ACE2EA20EEA004866F7 /* PBXTargetDependency */ = {
			isa = PBXTargetDependency;
			target = 373A1AB52EA20EE9004866F7 /* InputMethod */;
			targetProxy = 373A1ACD2EA20EEA004866F7 /* PBXContainerItemProxy */;
		};
		37ED43A22EA0779800F28272 /* PBXTargetDependency */ = {
			isa = PBXTargetDependency;
			target = 37ED43922EA0779700F28272 /* Jyutping */;
			targetProxy = 37ED43A12EA0779800F28272 /* PBXContainerItemProxy */;
		};
		37ED43AC2EA0779800F28272 /* PBXTargetDependency */ = {
			isa = PBXTargetDependency;
			target = 37ED43922EA0779700F28272 /* Jyutping */;
			targetProxy = 37ED43AB2EA0779800F28272 /* PBXContainerItemProxy */;
		};
/* End PBXTargetDependency section */

/* Begin XCBuildConfiguration section */
		373A15FB2EA206C6004866F7 /* Debug */ = {
			isa = XCBuildConfiguration;
			buildSettings = {
				CODE_SIGN_ENTITLEMENTS = Keyboard/Keyboard.entitlements;
				CODE_SIGN_STYLE = Automatic;
				CURRENT_PROJECT_VERSION = 152;
				DEVELOPMENT_TEAM = "";
				ENABLE_ENHANCED_SECURITY = YES;
				ENABLE_POINTER_AUTHENTICATION = NO;
				GENERATE_INFOPLIST_FILE = YES;
				INFOPLIST_FILE = Keyboard/Info.plist;
				INFOPLIST_KEY_CFBundleDisplayName = Keyboard;
				INFOPLIST_KEY_ITSAppUsesNonExemptEncryption = NO;
				INFOPLIST_KEY_NSHumanReadableCopyright = "CC0 1.0 Public Domain";
				IPHONEOS_DEPLOYMENT_TARGET = 16.0;
				LD_RUNPATH_SEARCH_PATHS = (
					"$(inherited)",
					"@executable_path/Frameworks",
					"@executable_path/../../Frameworks",
				);
				MARKETING_VERSION = 0.67.1;
				PRODUCT_BUNDLE_IDENTIFIER = im.cantonese.CantoneseIM.Keyboard;
				PRODUCT_NAME = "$(TARGET_NAME)";
				SDKROOT = iphoneos;
				SKIP_INSTALL = YES;
				STRING_CATALOG_GENERATE_SYMBOLS = YES;
				SWIFT_APPROACHABLE_CONCURRENCY = YES;
				SWIFT_EMIT_LOC_STRINGS = YES;
				SWIFT_UPCOMING_FEATURE_MEMBER_IMPORT_VISIBILITY = YES;
				SWIFT_VERSION = 6.0;
				TARGETED_DEVICE_FAMILY = "1,2";
			};
			name = Debug;
		};
		373A15FC2EA206C6004866F7 /* Release */ = {
			isa = XCBuildConfiguration;
			buildSettings = {
				CODE_SIGN_ENTITLEMENTS = Keyboard/Keyboard.entitlements;
				CODE_SIGN_STYLE = Automatic;
				CURRENT_PROJECT_VERSION = 152;
				DEVELOPMENT_TEAM = "";
				ENABLE_ENHANCED_SECURITY = YES;
				ENABLE_POINTER_AUTHENTICATION = NO;
				GENERATE_INFOPLIST_FILE = YES;
				INFOPLIST_FILE = Keyboard/Info.plist;
				INFOPLIST_KEY_CFBundleDisplayName = Keyboard;
				INFOPLIST_KEY_ITSAppUsesNonExemptEncryption = NO;
				INFOPLIST_KEY_NSHumanReadableCopyright = "CC0 1.0 Public Domain";
				IPHONEOS_DEPLOYMENT_TARGET = 16.0;
				LD_RUNPATH_SEARCH_PATHS = (
					"$(inherited)",
					"@executable_path/Frameworks",
					"@executable_path/../../Frameworks",
				);
				MARKETING_VERSION = 0.67.1;
				PRODUCT_BUNDLE_IDENTIFIER = im.cantonese.CantoneseIM.Keyboard;
				PRODUCT_NAME = "$(TARGET_NAME)";
				SDKROOT = iphoneos;
				SKIP_INSTALL = YES;
				STRING_CATALOG_GENERATE_SYMBOLS = YES;
				SWIFT_APPROACHABLE_CONCURRENCY = YES;
				SWIFT_EMIT_LOC_STRINGS = YES;
				SWIFT_UPCOMING_FEATURE_MEMBER_IMPORT_VISIBILITY = YES;
				SWIFT_VERSION = 6.0;
				TARGETED_DEVICE_FAMILY = "1,2";
				VALIDATE_PRODUCT = YES;
			};
			name = Release;
		};
		373A1AD42EA20EEA004866F7 /* Debug */ = {
			isa = XCBuildConfiguration;
			baseConfigurationReferenceAnchor = 373A1AB72EA20EE9004866F7 /* InputMethod */;
			baseConfigurationReferenceRelativePath = InputMethodDebug.xcconfig;
			buildSettings = {
				ASSETCATALOG_COMPILER_APPICON_NAME = AppIcon;
				ASSETCATALOG_COMPILER_GLOBAL_ACCENT_COLOR_NAME = AccentColor;
				AUTOMATION_APPLE_EVENTS = NO;
				CODE_SIGN_ENTITLEMENTS = InputMethod/InputMethod.entitlements;
				"CODE_SIGN_IDENTITY[sdk=macosx*]" = "-";
				CODE_SIGN_STYLE = Automatic;
				COMBINE_HIDPI_IMAGES = YES;
				CURRENT_PROJECT_VERSION = 152;
				DEAD_CODE_STRIPPING = YES;
				DEVELOPMENT_TEAM = "";
				ENABLE_APP_SANDBOX = YES;
				ENABLE_ENHANCED_SECURITY = YES;
				ENABLE_HARDENED_RUNTIME = YES;
				ENABLE_INCOMING_NETWORK_CONNECTIONS = NO;
				ENABLE_OUTGOING_NETWORK_CONNECTIONS = YES;
				ENABLE_POINTER_AUTHENTICATION = NO;
				ENABLE_PREVIEWS = YES;
				ENABLE_RESOURCE_ACCESS_AUDIO_INPUT = NO;
				ENABLE_RESOURCE_ACCESS_BLUETOOTH = NO;
				ENABLE_RESOURCE_ACCESS_CALENDARS = NO;
				ENABLE_RESOURCE_ACCESS_CAMERA = NO;
				ENABLE_RESOURCE_ACCESS_CONTACTS = NO;
				ENABLE_RESOURCE_ACCESS_LOCATION = NO;
				ENABLE_RESOURCE_ACCESS_PHOTO_LIBRARY = NO;
				ENABLE_RESOURCE_ACCESS_PRINTING = NO;
				ENABLE_RESOURCE_ACCESS_USB = NO;
				FRAMEWORK_SEARCH_PATHS = (
					"$(inherited)",
					"$(PROJECT_DIR)",
				);
				GENERATE_INFOPLIST_FILE = YES;
				INFOPLIST_FILE = InputMethod/Info.plist;
				INFOPLIST_KEY_ITSAppUsesNonExemptEncryption = NO;
				INFOPLIST_KEY_LSApplicationCategoryType = "public.app-category.utilities";
				INFOPLIST_KEY_LSBackgroundOnly = NO;
				INFOPLIST_KEY_LSUIElement = YES;
				INFOPLIST_KEY_NSHumanReadableCopyright = "CC0 1.0 Public Domain";
				LD_RUNPATH_SEARCH_PATHS = (
					"$(inherited)",
					"@executable_path/../Frameworks",
				);
				MACOSX_DEPLOYMENT_TARGET = 13.0;
				MARKETING_VERSION = 0.67.1;
				ONLY_ACTIVE_ARCH = NO;
				PRODUCT_BUNDLE_IDENTIFIER = org.jyutping.inputmethod.Jyutping;
				PRODUCT_NAME = "$(TARGET_NAME)";
				REGISTER_APP_GROUPS = YES;
				RUNTIME_EXCEPTION_ALLOW_DYLD_ENVIRONMENT_VARIABLES = NO;
				RUNTIME_EXCEPTION_ALLOW_JIT = NO;
				RUNTIME_EXCEPTION_ALLOW_UNSIGNED_EXECUTABLE_MEMORY = NO;
				RUNTIME_EXCEPTION_DEBUGGING_TOOL = NO;
				RUNTIME_EXCEPTION_DISABLE_EXECUTABLE_PAGE_PROTECTION = NO;
				RUNTIME_EXCEPTION_DISABLE_LIBRARY_VALIDATION = NO;
				SDKROOT = macosx;
				STRING_CATALOG_GENERATE_SYMBOLS = YES;
				SWIFT_APPROACHABLE_CONCURRENCY = YES;
				SWIFT_DEFAULT_ACTOR_ISOLATION = nonisolated;
				SWIFT_EMIT_LOC_STRINGS = YES;
				SWIFT_ENABLE_EXPLICIT_MODULES = NO;
				SWIFT_UPCOMING_FEATURE_MEMBER_IMPORT_VISIBILITY = YES;
				SWIFT_VERSION = 6.0;
			};
			name = Debug;
		};
		373A1AD52EA20EEA004866F7 /* Release */ = {
			isa = XCBuildConfiguration;
			baseConfigurationReferenceAnchor = 373A1AB72EA20EE9004866F7 /* InputMethod */;
			baseConfigurationReferenceRelativePath = InputMethodRelease.xcconfig;
			buildSettings = {
				ASSETCATALOG_COMPILER_APPICON_NAME = AppIcon;
				ASSETCATALOG_COMPILER_GLOBAL_ACCENT_COLOR_NAME = AccentColor;
				AUTOMATION_APPLE_EVENTS = NO;
				CODE_SIGN_ENTITLEMENTS = InputMethod/InputMethod.entitlements;
				"CODE_SIGN_IDENTITY[sdk=macosx*]" = "-";
				CODE_SIGN_STYLE = Automatic;
				COMBINE_HIDPI_IMAGES = YES;
				CURRENT_PROJECT_VERSION = 152;
				DEAD_CODE_STRIPPING = YES;
				DEVELOPMENT_TEAM = "";
				ENABLE_APP_SANDBOX = YES;
				ENABLE_ENHANCED_SECURITY = YES;
				ENABLE_HARDENED_RUNTIME = YES;
				ENABLE_INCOMING_NETWORK_CONNECTIONS = NO;
				ENABLE_OUTGOING_NETWORK_CONNECTIONS = YES;
				ENABLE_POINTER_AUTHENTICATION = NO;
				ENABLE_PREVIEWS = YES;
				ENABLE_RESOURCE_ACCESS_AUDIO_INPUT = NO;
				ENABLE_RESOURCE_ACCESS_BLUETOOTH = NO;
				ENABLE_RESOURCE_ACCESS_CALENDARS = NO;
				ENABLE_RESOURCE_ACCESS_CAMERA = NO;
				ENABLE_RESOURCE_ACCESS_CONTACTS = NO;
				ENABLE_RESOURCE_ACCESS_LOCATION = NO;
				ENABLE_RESOURCE_ACCESS_PHOTO_LIBRARY = NO;
				ENABLE_RESOURCE_ACCESS_PRINTING = NO;
				ENABLE_RESOURCE_ACCESS_USB = NO;
				FRAMEWORK_SEARCH_PATHS = (
					"$(inherited)",
					"$(PROJECT_DIR)",
				);
				GENERATE_INFOPLIST_FILE = YES;
				INFOPLIST_FILE = InputMethod/Info.plist;
				INFOPLIST_KEY_ITSAppUsesNonExemptEncryption = NO;
				INFOPLIST_KEY_LSApplicationCategoryType = "public.app-category.utilities";
				INFOPLIST_KEY_LSBackgroundOnly = NO;
				INFOPLIST_KEY_LSUIElement = YES;
				INFOPLIST_KEY_NSHumanReadableCopyright = "CC0 1.0 Public Domain";
				LD_RUNPATH_SEARCH_PATHS = (
					"$(inherited)",
					"@executable_path/../Frameworks",
				);
				MACOSX_DEPLOYMENT_TARGET = 13.0;
				MARKETING_VERSION = 0.67.1;
				PRODUCT_BUNDLE_IDENTIFIER = org.jyutping.inputmethod.Jyutping;
				PRODUCT_NAME = "$(TARGET_NAME)";
				REGISTER_APP_GROUPS = YES;
				RUNTIME_EXCEPTION_ALLOW_DYLD_ENVIRONMENT_VARIABLES = NO;
				RUNTIME_EXCEPTION_ALLOW_JIT = NO;
				RUNTIME_EXCEPTION_ALLOW_UNSIGNED_EXECUTABLE_MEMORY = NO;
				RUNTIME_EXCEPTION_DEBUGGING_TOOL = NO;
				RUNTIME_EXCEPTION_DISABLE_EXECUTABLE_PAGE_PROTECTION = NO;
				RUNTIME_EXCEPTION_DISABLE_LIBRARY_VALIDATION = NO;
				SDKROOT = macosx;
				STRING_CATALOG_GENERATE_SYMBOLS = YES;
				SWIFT_APPROACHABLE_CONCURRENCY = YES;
				SWIFT_DEFAULT_ACTOR_ISOLATION = nonisolated;
				SWIFT_EMIT_LOC_STRINGS = YES;
				SWIFT_ENABLE_EXPLICIT_MODULES = NO;
				SWIFT_UPCOMING_FEATURE_MEMBER_IMPORT_VISIBILITY = YES;
				SWIFT_VERSION = 6.0;
			};
			name = Release;
		};
		373A1AD62EA20EEA004866F7 /* Debug */ = {
			isa = XCBuildConfiguration;
			buildSettings = {
				BUNDLE_LOADER = "$(TEST_HOST)";
				CODE_SIGN_STYLE = Automatic;
				CURRENT_PROJECT_VERSION = 152;
				DEAD_CODE_STRIPPING = YES;
				GENERATE_INFOPLIST_FILE = YES;
				MACOSX_DEPLOYMENT_TARGET = 13.0;
				MARKETING_VERSION = 0.67.1;
				PRODUCT_BUNDLE_IDENTIFIER = org.jyutping.inputmethod.JyutpingTests;
				PRODUCT_NAME = "$(TARGET_NAME)";
				SDKROOT = macosx;
				STRING_CATALOG_GENERATE_SYMBOLS = NO;
				SWIFT_APPROACHABLE_CONCURRENCY = YES;
				SWIFT_EMIT_LOC_STRINGS = NO;
				SWIFT_UPCOMING_FEATURE_MEMBER_IMPORT_VISIBILITY = YES;
				SWIFT_VERSION = 5.0;
				TEST_HOST = "$(BUILT_PRODUCTS_DIR)/InputMethod.app/$(BUNDLE_EXECUTABLE_FOLDER_PATH)/InputMethod";
			};
			name = Debug;
		};
		373A1AD72EA20EEA004866F7 /* Release */ = {
			isa = XCBuildConfiguration;
			buildSettings = {
				BUNDLE_LOADER = "$(TEST_HOST)";
				CODE_SIGN_STYLE = Automatic;
				CURRENT_PROJECT_VERSION = 152;
				DEAD_CODE_STRIPPING = YES;
				GENERATE_INFOPLIST_FILE = YES;
				MACOSX_DEPLOYMENT_TARGET = 13.0;
				MARKETING_VERSION = 0.67.1;
				PRODUCT_BUNDLE_IDENTIFIER = org.jyutping.inputmethod.JyutpingTests;
				PRODUCT_NAME = "$(TARGET_NAME)";
				SDKROOT = macosx;
				STRING_CATALOG_GENERATE_SYMBOLS = NO;
				SWIFT_APPROACHABLE_CONCURRENCY = YES;
				SWIFT_EMIT_LOC_STRINGS = NO;
				SWIFT_UPCOMING_FEATURE_MEMBER_IMPORT_VISIBILITY = YES;
				SWIFT_VERSION = 5.0;
				TEST_HOST = "$(BUILT_PRODUCTS_DIR)/InputMethod.app/$(BUNDLE_EXECUTABLE_FOLDER_PATH)/InputMethod";
			};
			name = Release;
		};
		373A1AD82EA20EEA004866F7 /* Debug */ = {
			isa = XCBuildConfiguration;
			buildSettings = {
				CODE_SIGN_STYLE = Automatic;
				CURRENT_PROJECT_VERSION = 152;
				DEAD_CODE_STRIPPING = YES;
				GENERATE_INFOPLIST_FILE = YES;
				MACOSX_DEPLOYMENT_TARGET = 13.0;
				MARKETING_VERSION = 0.67.1;
				PRODUCT_BUNDLE_IDENTIFIER = org.jyutping.inputmethod.JyutpingUITests;
				PRODUCT_NAME = "$(TARGET_NAME)";
				SDKROOT = macosx;
				STRING_CATALOG_GENERATE_SYMBOLS = NO;
				SWIFT_APPROACHABLE_CONCURRENCY = YES;
				SWIFT_EMIT_LOC_STRINGS = NO;
				SWIFT_UPCOMING_FEATURE_MEMBER_IMPORT_VISIBILITY = YES;
				SWIFT_VERSION = 5.0;
				TEST_TARGET_NAME = InputMethod;
			};
			name = Debug;
		};
		373A1AD92EA20EEA004866F7 /* Release */ = {
			isa = XCBuildConfiguration;
			buildSettings = {
				CODE_SIGN_STYLE = Automatic;
				CURRENT_PROJECT_VERSION = 152;
				DEAD_CODE_STRIPPING = YES;
				GENERATE_INFOPLIST_FILE = YES;
				MACOSX_DEPLOYMENT_TARGET = 13.0;
				MARKETING_VERSION = 0.67.1;
				PRODUCT_BUNDLE_IDENTIFIER = org.jyutping.inputmethod.JyutpingUITests;
				PRODUCT_NAME = "$(TARGET_NAME)";
				SDKROOT = macosx;
				STRING_CATALOG_GENERATE_SYMBOLS = NO;
				SWIFT_APPROACHABLE_CONCURRENCY = YES;
				SWIFT_EMIT_LOC_STRINGS = NO;
				SWIFT_UPCOMING_FEATURE_MEMBER_IMPORT_VISIBILITY = YES;
				SWIFT_VERSION = 5.0;
				TEST_TARGET_NAME = InputMethod;
			};
			name = Release;
		};
		37ED43B22EA0779800F28272 /* Debug */ = {
			isa = XCBuildConfiguration;
			buildSettings = {
				ALWAYS_SEARCH_USER_PATHS = NO;
				ASSETCATALOG_COMPILER_GENERATE_SWIFT_ASSET_SYMBOL_EXTENSIONS = YES;
				CLANG_ANALYZER_LOCALIZABILITY_NONLOCALIZED = YES;
				CLANG_ANALYZER_NONNULL = YES;
				CLANG_ANALYZER_NUMBER_OBJECT_CONVERSION = YES_AGGRESSIVE;
				CLANG_CXX_LANGUAGE_STANDARD = "gnu++20";
				CLANG_ENABLE_MODULES = YES;
				CLANG_ENABLE_OBJC_ARC = YES;
				CLANG_ENABLE_OBJC_WEAK = YES;
				CLANG_WARN_BLOCK_CAPTURE_AUTORELEASING = YES;
				CLANG_WARN_BOOL_CONVERSION = YES;
				CLANG_WARN_COMMA = YES;
				CLANG_WARN_CONSTANT_CONVERSION = YES;
				CLANG_WARN_DEPRECATED_OBJC_IMPLEMENTATIONS = YES;
				CLANG_WARN_DIRECT_OBJC_ISA_USAGE = YES_ERROR;
				CLANG_WARN_DOCUMENTATION_COMMENTS = YES;
				CLANG_WARN_EMPTY_BODY = YES;
				CLANG_WARN_ENUM_CONVERSION = YES;
				CLANG_WARN_INFINITE_RECURSION = YES;
				CLANG_WARN_INT_CONVERSION = YES;
				CLANG_WARN_NON_LITERAL_NULL_CONVERSION = YES;
				CLANG_WARN_OBJC_IMPLICIT_RETAIN_SELF = YES;
				CLANG_WARN_OBJC_LITERAL_CONVERSION = YES;
				CLANG_WARN_OBJC_ROOT_CLASS = YES_ERROR;
				CLANG_WARN_QUOTED_INCLUDE_IN_FRAMEWORK_HEADER = YES;
				CLANG_WARN_RANGE_LOOP_ANALYSIS = YES;
				CLANG_WARN_STRICT_PROTOTYPES = YES;
				CLANG_WARN_SUSPICIOUS_MOVE = YES;
				CLANG_WARN_UNGUARDED_AVAILABILITY = YES_AGGRESSIVE;
				CLANG_WARN_UNREACHABLE_CODE = YES;
				CLANG_WARN__DUPLICATE_METHOD_MATCH = YES;
				COPY_PHASE_STRIP = NO;
				DEAD_CODE_STRIPPING = YES;
				DEBUG_INFORMATION_FORMAT = dwarf;
				ENABLE_ENHANCED_SECURITY = YES;
				ENABLE_POINTER_AUTHENTICATION = YES;
				ENABLE_STRICT_OBJC_MSGSEND = YES;
				ENABLE_TESTABILITY = YES;
				ENABLE_USER_SCRIPT_SANDBOXING = YES;
				GCC_C_LANGUAGE_STANDARD = gnu17;
				GCC_DYNAMIC_NO_PIC = NO;
				GCC_NO_COMMON_BLOCKS = YES;
				GCC_OPTIMIZATION_LEVEL = 0;
				GCC_PREPROCESSOR_DEFINITIONS = (
					"DEBUG=1",
					"$(inherited)",
				);
				GCC_WARN_64_TO_32_BIT_CONVERSION = YES;
				GCC_WARN_ABOUT_RETURN_TYPE = YES_ERROR;
				GCC_WARN_UNDECLARED_SELECTOR = YES;
				GCC_WARN_UNINITIALIZED_AUTOS = YES_AGGRESSIVE;
				GCC_WARN_UNUSED_FUNCTION = YES;
				GCC_WARN_UNUSED_VARIABLE = YES;
				LOCALIZATION_PREFERS_STRING_CATALOGS = YES;
				MTL_ENABLE_DEBUG_INFO = INCLUDE_SOURCE;
				MTL_FAST_MATH = YES;
				ONLY_ACTIVE_ARCH = YES;
				STRING_CATALOG_GENERATE_SYMBOLS = YES;
				SWIFT_ACTIVE_COMPILATION_CONDITIONS = "DEBUG $(inherited)";
				SWIFT_OPTIMIZATION_LEVEL = "-Onone";
				SWIFT_VERSION = 6.0;
			};
			name = Debug;
		};
		37ED43B32EA0779800F28272 /* Release */ = {
			isa = XCBuildConfiguration;
			buildSettings = {
				ALWAYS_SEARCH_USER_PATHS = NO;
				ASSETCATALOG_COMPILER_GENERATE_SWIFT_ASSET_SYMBOL_EXTENSIONS = YES;
				CLANG_ANALYZER_LOCALIZABILITY_NONLOCALIZED = YES;
				CLANG_ANALYZER_NONNULL = YES;
				CLANG_ANALYZER_NUMBER_OBJECT_CONVERSION = YES_AGGRESSIVE;
				CLANG_CXX_LANGUAGE_STANDARD = "gnu++20";
				CLANG_ENABLE_MODULES = YES;
				CLANG_ENABLE_OBJC_ARC = YES;
				CLANG_ENABLE_OBJC_WEAK = YES;
				CLANG_WARN_BLOCK_CAPTURE_AUTORELEASING = YES;
				CLANG_WARN_BOOL_CONVERSION = YES;
				CLANG_WARN_COMMA = YES;
				CLANG_WARN_CONSTANT_CONVERSION = YES;
				CLANG_WARN_DEPRECATED_OBJC_IMPLEMENTATIONS = YES;
				CLANG_WARN_DIRECT_OBJC_ISA_USAGE = YES_ERROR;
				CLANG_WARN_DOCUMENTATION_COMMENTS = YES;
				CLANG_WARN_EMPTY_BODY = YES;
				CLANG_WARN_ENUM_CONVERSION = YES;
				CLANG_WARN_INFINITE_RECURSION = YES;
				CLANG_WARN_INT_CONVERSION = YES;
				CLANG_WARN_NON_LITERAL_NULL_CONVERSION = YES;
				CLANG_WARN_OBJC_IMPLICIT_RETAIN_SELF = YES;
				CLANG_WARN_OBJC_LITERAL_CONVERSION = YES;
				CLANG_WARN_OBJC_ROOT_CLASS = YES_ERROR;
				CLANG_WARN_QUOTED_INCLUDE_IN_FRAMEWORK_HEADER = YES;
				CLANG_WARN_RANGE_LOOP_ANALYSIS = YES;
				CLANG_WARN_STRICT_PROTOTYPES = YES;
				CLANG_WARN_SUSPICIOUS_MOVE = YES;
				CLANG_WARN_UNGUARDED_AVAILABILITY = YES_AGGRESSIVE;
				CLANG_WARN_UNREACHABLE_CODE = YES;
				CLANG_WARN__DUPLICATE_METHOD_MATCH = YES;
				COPY_PHASE_STRIP = NO;
				DEAD_CODE_STRIPPING = YES;
				DEBUG_INFORMATION_FORMAT = "dwarf-with-dsym";
				ENABLE_ENHANCED_SECURITY = YES;
				ENABLE_NS_ASSERTIONS = NO;
				ENABLE_POINTER_AUTHENTICATION = YES;
				ENABLE_STRICT_OBJC_MSGSEND = YES;
				ENABLE_USER_SCRIPT_SANDBOXING = YES;
				GCC_C_LANGUAGE_STANDARD = gnu17;
				GCC_NO_COMMON_BLOCKS = YES;
				GCC_WARN_64_TO_32_BIT_CONVERSION = YES;
				GCC_WARN_ABOUT_RETURN_TYPE = YES_ERROR;
				GCC_WARN_UNDECLARED_SELECTOR = YES;
				GCC_WARN_UNINITIALIZED_AUTOS = YES_AGGRESSIVE;
				GCC_WARN_UNUSED_FUNCTION = YES;
				GCC_WARN_UNUSED_VARIABLE = YES;
				LOCALIZATION_PREFERS_STRING_CATALOGS = YES;
				MTL_ENABLE_DEBUG_INFO = NO;
				MTL_FAST_MATH = YES;
				STRING_CATALOG_GENERATE_SYMBOLS = YES;
				SWIFT_COMPILATION_MODE = wholemodule;
				SWIFT_VERSION = 6.0;
			};
			name = Release;
		};
		37ED43B52EA0779800F28272 /* Debug */ = {
			isa = XCBuildConfiguration;
			buildSettings = {
				ASSETCATALOG_COMPILER_APPICON_NAME = AppIcon;
				ASSETCATALOG_COMPILER_GLOBAL_ACCENT_COLOR_NAME = AccentColor;
				CODE_SIGN_ENTITLEMENTS = Jyutping/Jyutping.entitlements;
				"CODE_SIGN_IDENTITY[sdk=macosx*]" = "-";
				CODE_SIGN_STYLE = Automatic;
				CURRENT_PROJECT_VERSION = 152;
				DEAD_CODE_STRIPPING = YES;
				DEVELOPMENT_TEAM = "";
				ENABLE_APP_SANDBOX = YES;
				ENABLE_ENHANCED_SECURITY = YES;
				ENABLE_POINTER_AUTHENTICATION = NO;
				ENABLE_PREVIEWS = YES;
				GENERATE_INFOPLIST_FILE = YES;
				INFOPLIST_KEY_ITSAppUsesNonExemptEncryption = NO;
				INFOPLIST_KEY_LSApplicationCategoryType = "public.app-category.utilities";
				INFOPLIST_KEY_NSHumanReadableCopyright = "CC0 1.0 Public Domain";
				"INFOPLIST_KEY_UIApplicationSceneManifest_Generation[sdk=iphoneos*]" = YES;
				"INFOPLIST_KEY_UIApplicationSceneManifest_Generation[sdk=iphonesimulator*]" = YES;
				"INFOPLIST_KEY_UIApplicationSupportsIndirectInputEvents[sdk=iphoneos*]" = YES;
				"INFOPLIST_KEY_UIApplicationSupportsIndirectInputEvents[sdk=iphonesimulator*]" = YES;
				"INFOPLIST_KEY_UILaunchScreen_Generation[sdk=iphoneos*]" = YES;
				"INFOPLIST_KEY_UILaunchScreen_Generation[sdk=iphonesimulator*]" = YES;
				"INFOPLIST_KEY_UIStatusBarStyle[sdk=iphoneos*]" = UIStatusBarStyleDefault;
				"INFOPLIST_KEY_UIStatusBarStyle[sdk=iphonesimulator*]" = UIStatusBarStyleDefault;
				INFOPLIST_KEY_UISupportedInterfaceOrientations_iPad = "UIInterfaceOrientationPortrait UIInterfaceOrientationPortraitUpsideDown UIInterfaceOrientationLandscapeLeft UIInterfaceOrientationLandscapeRight";
				INFOPLIST_KEY_UISupportedInterfaceOrientations_iPhone = "UIInterfaceOrientationPortrait UIInterfaceOrientationLandscapeLeft UIInterfaceOrientationLandscapeRight";
				IPHONEOS_DEPLOYMENT_TARGET = 16.0;
				LD_RUNPATH_SEARCH_PATHS = "@executable_path/Frameworks";
				"LD_RUNPATH_SEARCH_PATHS[sdk=macosx*]" = "@executable_path/../Frameworks";
				MACOSX_DEPLOYMENT_TARGET = 13.0;
				MARKETING_VERSION = 0.67.1;
				PRODUCT_BUNDLE_IDENTIFIER = im.cantonese.CantoneseIM;
				PRODUCT_NAME = "$(TARGET_NAME)";
				REGISTER_APP_GROUPS = YES;
				SDKROOT = auto;
				STRING_CATALOG_GENERATE_SYMBOLS = YES;
				SUPPORTED_PLATFORMS = "iphoneos iphonesimulator macosx xros xrsimulator";
				SWIFT_APPROACHABLE_CONCURRENCY = YES;
				SWIFT_DEFAULT_ACTOR_ISOLATION = MainActor;
				SWIFT_EMIT_LOC_STRINGS = YES;
				SWIFT_UPCOMING_FEATURE_MEMBER_IMPORT_VISIBILITY = YES;
				SWIFT_VERSION = 6.0;
				TARGETED_DEVICE_FAMILY = "1,2,7";
				XROS_DEPLOYMENT_TARGET = 1.0;
			};
			name = Debug;
		};
		37ED43B62EA0779800F28272 /* Release */ = {
			isa = XCBuildConfiguration;
			buildSettings = {
				ASSETCATALOG_COMPILER_APPICON_NAME = AppIcon;
				ASSETCATALOG_COMPILER_GLOBAL_ACCENT_COLOR_NAME = AccentColor;
				CODE_SIGN_ENTITLEMENTS = Jyutping/Jyutping.entitlements;
				"CODE_SIGN_IDENTITY[sdk=macosx*]" = "-";
				CODE_SIGN_STYLE = Automatic;
				CURRENT_PROJECT_VERSION = 152;
				DEAD_CODE_STRIPPING = YES;
				DEVELOPMENT_TEAM = "";
				ENABLE_APP_SANDBOX = YES;
				ENABLE_ENHANCED_SECURITY = YES;
				ENABLE_POINTER_AUTHENTICATION = NO;
				ENABLE_PREVIEWS = YES;
				GENERATE_INFOPLIST_FILE = YES;
				INFOPLIST_KEY_ITSAppUsesNonExemptEncryption = NO;
				INFOPLIST_KEY_LSApplicationCategoryType = "public.app-category.utilities";
				INFOPLIST_KEY_NSHumanReadableCopyright = "CC0 1.0 Public Domain";
				"INFOPLIST_KEY_UIApplicationSceneManifest_Generation[sdk=iphoneos*]" = YES;
				"INFOPLIST_KEY_UIApplicationSceneManifest_Generation[sdk=iphonesimulator*]" = YES;
				"INFOPLIST_KEY_UIApplicationSupportsIndirectInputEvents[sdk=iphoneos*]" = YES;
				"INFOPLIST_KEY_UIApplicationSupportsIndirectInputEvents[sdk=iphonesimulator*]" = YES;
				"INFOPLIST_KEY_UILaunchScreen_Generation[sdk=iphoneos*]" = YES;
				"INFOPLIST_KEY_UILaunchScreen_Generation[sdk=iphonesimulator*]" = YES;
				"INFOPLIST_KEY_UIStatusBarStyle[sdk=iphoneos*]" = UIStatusBarStyleDefault;
				"INFOPLIST_KEY_UIStatusBarStyle[sdk=iphonesimulator*]" = UIStatusBarStyleDefault;
				INFOPLIST_KEY_UISupportedInterfaceOrientations_iPad = "UIInterfaceOrientationPortrait UIInterfaceOrientationPortraitUpsideDown UIInterfaceOrientationLandscapeLeft UIInterfaceOrientationLandscapeRight";
				INFOPLIST_KEY_UISupportedInterfaceOrientations_iPhone = "UIInterfaceOrientationPortrait UIInterfaceOrientationLandscapeLeft UIInterfaceOrientationLandscapeRight";
				IPHONEOS_DEPLOYMENT_TARGET = 16.0;
				LD_RUNPATH_SEARCH_PATHS = "@executable_path/Frameworks";
				"LD_RUNPATH_SEARCH_PATHS[sdk=macosx*]" = "@executable_path/../Frameworks";
				MACOSX_DEPLOYMENT_TARGET = 13.0;
				MARKETING_VERSION = 0.67.1;
				PRODUCT_BUNDLE_IDENTIFIER = im.cantonese.CantoneseIM;
				PRODUCT_NAME = "$(TARGET_NAME)";
				REGISTER_APP_GROUPS = YES;
				SDKROOT = auto;
				STRING_CATALOG_GENERATE_SYMBOLS = YES;
				SUPPORTED_PLATFORMS = "iphoneos iphonesimulator macosx xros xrsimulator";
				SWIFT_APPROACHABLE_CONCURRENCY = YES;
				SWIFT_DEFAULT_ACTOR_ISOLATION = MainActor;
				SWIFT_EMIT_LOC_STRINGS = YES;
				SWIFT_UPCOMING_FEATURE_MEMBER_IMPORT_VISIBILITY = YES;
				SWIFT_VERSION = 6.0;
				TARGETED_DEVICE_FAMILY = "1,2,7";
				XROS_DEPLOYMENT_TARGET = 1.0;
			};
			name = Release;
		};
		37ED43B82EA0779800F28272 /* Debug */ = {
			isa = XCBuildConfiguration;
			buildSettings = {
				BUNDLE_LOADER = "$(TEST_HOST)";
				CODE_SIGN_STYLE = Automatic;
				CURRENT_PROJECT_VERSION = 152;
				DEAD_CODE_STRIPPING = YES;
				GENERATE_INFOPLIST_FILE = YES;
				IPHONEOS_DEPLOYMENT_TARGET = 16.0;
				MACOSX_DEPLOYMENT_TARGET = 13.0;
				MARKETING_VERSION = 0.67.1;
				PRODUCT_BUNDLE_IDENTIFIER = im.cantonese.JyutpingTests;
				PRODUCT_NAME = "$(TARGET_NAME)";
				SDKROOT = auto;
				STRING_CATALOG_GENERATE_SYMBOLS = NO;
				SUPPORTED_PLATFORMS = "iphoneos iphonesimulator macosx xros xrsimulator";
				SWIFT_APPROACHABLE_CONCURRENCY = YES;
				SWIFT_EMIT_LOC_STRINGS = NO;
				SWIFT_UPCOMING_FEATURE_MEMBER_IMPORT_VISIBILITY = YES;
				SWIFT_VERSION = 6.0;
				TARGETED_DEVICE_FAMILY = "1,2,7";
				TEST_HOST = "$(BUILT_PRODUCTS_DIR)/Jyutping.app/$(BUNDLE_EXECUTABLE_FOLDER_PATH)/Jyutping";
				XROS_DEPLOYMENT_TARGET = 1.0;
			};
			name = Debug;
		};
		37ED43B92EA0779800F28272 /* Release */ = {
			isa = XCBuildConfiguration;
			buildSettings = {
				BUNDLE_LOADER = "$(TEST_HOST)";
				CODE_SIGN_STYLE = Automatic;
				CURRENT_PROJECT_VERSION = 152;
				DEAD_CODE_STRIPPING = YES;
				GENERATE_INFOPLIST_FILE = YES;
				IPHONEOS_DEPLOYMENT_TARGET = 16.0;
				MACOSX_DEPLOYMENT_TARGET = 13.0;
				MARKETING_VERSION = 0.67.1;
				PRODUCT_BUNDLE_IDENTIFIER = im.cantonese.JyutpingTests;
				PRODUCT_NAME = "$(TARGET_NAME)";
				SDKROOT = auto;
				STRING_CATALOG_GENERATE_SYMBOLS = NO;
				SUPPORTED_PLATFORMS = "iphoneos iphonesimulator macosx xros xrsimulator";
				SWIFT_APPROACHABLE_CONCURRENCY = YES;
				SWIFT_EMIT_LOC_STRINGS = NO;
				SWIFT_UPCOMING_FEATURE_MEMBER_IMPORT_VISIBILITY = YES;
				SWIFT_VERSION = 6.0;
				TARGETED_DEVICE_FAMILY = "1,2,7";
				TEST_HOST = "$(BUILT_PRODUCTS_DIR)/Jyutping.app/$(BUNDLE_EXECUTABLE_FOLDER_PATH)/Jyutping";
				XROS_DEPLOYMENT_TARGET = 1.0;
			};
			name = Release;
		};
		37ED43BB2EA0779800F28272 /* Debug */ = {
			isa = XCBuildConfiguration;
			buildSettings = {
				CODE_SIGN_STYLE = Automatic;
				CURRENT_PROJECT_VERSION = 152;
				DEAD_CODE_STRIPPING = YES;
				GENERATE_INFOPLIST_FILE = YES;
				IPHONEOS_DEPLOYMENT_TARGET = 26.0;
				MACOSX_DEPLOYMENT_TARGET = 13.0;
				MARKETING_VERSION = 0.67.1;
				PRODUCT_BUNDLE_IDENTIFIER = im.cantonese.JyutpingUITests;
				PRODUCT_NAME = "$(TARGET_NAME)";
				SDKROOT = auto;
				STRING_CATALOG_GENERATE_SYMBOLS = NO;
				SUPPORTED_PLATFORMS = "iphoneos iphonesimulator macosx xros xrsimulator";
				SWIFT_APPROACHABLE_CONCURRENCY = YES;
				SWIFT_EMIT_LOC_STRINGS = NO;
				SWIFT_UPCOMING_FEATURE_MEMBER_IMPORT_VISIBILITY = YES;
				SWIFT_VERSION = 6.0;
				TARGETED_DEVICE_FAMILY = "1,2,7";
				TEST_TARGET_NAME = Jyutping;
				XROS_DEPLOYMENT_TARGET = 26.0;
			};
			name = Debug;
		};
		37ED43BC2EA0779800F28272 /* Release */ = {
			isa = XCBuildConfiguration;
			buildSettings = {
				CODE_SIGN_STYLE = Automatic;
				CURRENT_PROJECT_VERSION = 152;
				DEAD_CODE_STRIPPING = YES;
				GENERATE_INFOPLIST_FILE = YES;
				IPHONEOS_DEPLOYMENT_TARGET = 26.0;
				MACOSX_DEPLOYMENT_TARGET = 13.0;
				MARKETING_VERSION = 0.67.1;
				PRODUCT_BUNDLE_IDENTIFIER = im.cantonese.JyutpingUITests;
				PRODUCT_NAME = "$(TARGET_NAME)";
				SDKROOT = auto;
				STRING_CATALOG_GENERATE_SYMBOLS = NO;
				SUPPORTED_PLATFORMS = "iphoneos iphonesimulator macosx xros xrsimulator";
				SWIFT_APPROACHABLE_CONCURRENCY = YES;
				SWIFT_EMIT_LOC_STRINGS = NO;
				SWIFT_UPCOMING_FEATURE_MEMBER_IMPORT_VISIBILITY = YES;
				SWIFT_VERSION = 6.0;
				TARGETED_DEVICE_FAMILY = "1,2,7";
				TEST_TARGET_NAME = Jyutping;
				XROS_DEPLOYMENT_TARGET = 26.0;
			};
			name = Release;
		};
/* End XCBuildConfiguration section */

/* Begin XCConfigurationList section */
		373A15FE2EA206C6004866F7 /* Build configuration list for PBXNativeTarget "Keyboard" */ = {
			isa = XCConfigurationList;
			buildConfigurations = (
				373A15FB2EA206C6004866F7 /* Debug */,
				373A15FC2EA206C6004866F7 /* Release */,
			);
			defaultConfigurationIsVisible = 0;
			defaultConfigurationName = Release;
		};
		373A1ADA2EA20EEA004866F7 /* Build configuration list for PBXNativeTarget "InputMethod" */ = {
			isa = XCConfigurationList;
			buildConfigurations = (
				373A1AD42EA20EEA004866F7 /* Debug */,
				373A1AD52EA20EEA004866F7 /* Release */,
			);
			defaultConfigurationIsVisible = 0;
			defaultConfigurationName = Release;
		};
		373A1ADB2EA20EEA004866F7 /* Build configuration list for PBXNativeTarget "InputMethodTests" */ = {
			isa = XCConfigurationList;
			buildConfigurations = (
				373A1AD62EA20EEA004866F7 /* Debug */,
				373A1AD72EA20EEA004866F7 /* Release */,
			);
			defaultConfigurationIsVisible = 0;
			defaultConfigurationName = Release;
		};
		373A1ADC2EA20EEA004866F7 /* Build configuration list for PBXNativeTarget "InputMethodUITests" */ = {
			isa = XCConfigurationList;
			buildConfigurations = (
				373A1AD82EA20EEA004866F7 /* Debug */,
				373A1AD92EA20EEA004866F7 /* Release */,
			);
			defaultConfigurationIsVisible = 0;
			defaultConfigurationName = Release;
		};
		37ED438E2EA0779700F28272 /* Build configuration list for PBXProject "Jyutping" */ = {
			isa = XCConfigurationList;
			buildConfigurations = (
				37ED43B22EA0779800F28272 /* Debug */,
				37ED43B32EA0779800F28272 /* Release */,
			);
			defaultConfigurationIsVisible = 0;
			defaultConfigurationName = Release;
		};
		37ED43B42EA0779800F28272 /* Build configuration list for PBXNativeTarget "Jyutping" */ = {
			isa = XCConfigurationList;
			buildConfigurations = (
				37ED43B52EA0779800F28272 /* Debug */,
				37ED43B62EA0779800F28272 /* Release */,
			);
			defaultConfigurationIsVisible = 0;
			defaultConfigurationName = Release;
		};
		37ED43B72EA0779800F28272 /* Build configuration list for PBXNativeTarget "JyutpingTests" */ = {
			isa = XCConfigurationList;
			buildConfigurations = (
				37ED43B82EA0779800F28272 /* Debug */,
				37ED43B92EA0779800F28272 /* Release */,
			);
			defaultConfigurationIsVisible = 0;
			defaultConfigurationName = Release;
		};
		37ED43BA2EA0779800F28272 /* Build configuration list for PBXNativeTarget "JyutpingUITests" */ = {
			isa = XCConfigurationList;
			buildConfigurations = (
				37ED43BB2EA0779800F28272 /* Debug */,
				37ED43BC2EA0779800F28272 /* Release */,
			);
			defaultConfigurationIsVisible = 0;
			defaultConfigurationName = Release;
		};
/* End XCConfigurationList section */

/* Begin XCSwiftPackageProductDependency section */
		373156EF2EA2118300092A2C /* AboutKit */ = {
			isa = XCSwiftPackageProductDependency;
			productName = AboutKit;
		};
		373156F12EA2118900092A2C /* CommonExtensions */ = {
			isa = XCSwiftPackageProductDependency;
			productName = CommonExtensions;
		};
		373156F32EA2118E00092A2C /* CoreIME */ = {
			isa = XCSwiftPackageProductDependency;
			productName = CoreIME;
		};
		373A15142EA1ED29004866F7 /* AboutKit */ = {
			isa = XCSwiftPackageProductDependency;
			productName = AboutKit;
		};
		373A15162EA1ED2F004866F7 /* AppDataSource */ = {
			isa = XCSwiftPackageProductDependency;
			productName = AppDataSource;
		};
		373A15182EA1ED34004866F7 /* CommonExtensions */ = {
			isa = XCSwiftPackageProductDependency;
			productName = CommonExtensions;
		};
		373A151A2EA1ED38004866F7 /* Linguistics */ = {
			isa = XCSwiftPackageProductDependency;
			productName = Linguistics;
		};
		373A18502EA208E8004866F7 /* CommonExtensions */ = {
			isa = XCSwiftPackageProductDependency;
			productName = CommonExtensions;
		};
		373A18522EA208ED004866F7 /* CoreIME */ = {
			isa = XCSwiftPackageProductDependency;
			productName = CoreIME;
		};
/* End XCSwiftPackageProductDependency section */
	};
	rootObject = 37ED438B2EA0779700F28272 /* Project object */;
}
