// !$*UTF8*$!
{
	archiveVersion = 1;
	classes = {
	};
	objectVersion = 54;
	objects = {

/* Begin PBXBuildFile section */
		3759F41C262FB65C00266086 /* AppDelegate.swift in Sources */ = {isa = PBXBuildFile; fileRef = 3759F41B262FB65C00266086 /* AppDelegate.swift */; };
		3759F41E262FB65C00266086 /* SceneDelegate.swift in Sources */ = {isa = PBXBuildFile; fileRef = 3759F41D262FB65C00266086 /* SceneDelegate.swift */; };
		3759F420262FB65C00266086 /* ContentView.swift in Sources */ = {isa = PBXBuildFile; fileRef = 3759F41F262FB65C00266086 /* ContentView.swift */; };
		3759F422262FB65D00266086 /* Assets.xcassets in Resources */ = {isa = PBXBuildFile; fileRef = 3759F421262FB65D00266086 /* Assets.xcassets */; };
		3759F425262FB65D00266086 /* Preview Assets.xcassets in Resources */ = {isa = PBXBuildFile; fileRef = 3759F424262FB65D00266086 /* Preview Assets.xcassets */; };
		3759F428262FB65D00266086 /* LaunchScreen.storyboard in Resources */ = {isa = PBXBuildFile; fileRef = 3759F426262FB65D00266086 /* LaunchScreen.storyboard */; };
		3759F433262FB65D00266086 /* JyutpingTests.swift in Sources */ = {isa = PBXBuildFile; fileRef = 3759F432262FB65D00266086 /* JyutpingTests.swift */; };
		3759F43E262FB65D00266086 /* JyutpingUITests.swift in Sources */ = {isa = PBXBuildFile; fileRef = 3759F43D262FB65D00266086 /* JyutpingUITests.swift */; };
		3759F456262FBA0500266086 /* Keyboard.appex in Embed App Extensions */ = {isa = PBXBuildFile; fileRef = 3759F44F262FBA0500266086 /* Keyboard.appex */; settings = {ATTRIBUTES = (RemoveHeadersOnCopy, ); }; };
		3759F463262FBF3800266086 /* JyutpingProvider in Frameworks */ = {isa = PBXBuildFile; productRef = 3759F462262FBF3800266086 /* JyutpingProvider */; };
		3759F466262FBF7100266086 /* KeyboardDataProvider in Frameworks */ = {isa = PBXBuildFile; productRef = 3759F465262FBF7100266086 /* KeyboardDataProvider */; };
		3759F469262FBFF300266086 /* Localizable.strings in Resources */ = {isa = PBXBuildFile; fileRef = 3759F46B262FBFF300266086 /* Localizable.strings */; };
		3759F472262FC07D00266086 /* InfoPlist.strings in Resources */ = {isa = PBXBuildFile; fileRef = 3759F474262FC07D00266086 /* InfoPlist.strings */; };
		3759F47B262FC17C00266086 /* Settings.bundle in Resources */ = {isa = PBXBuildFile; fileRef = 3759F47A262FC17C00266086 /* Settings.bundle */; };
		3759F485262FC27100266086 /* MessageView.swift in Sources */ = {isa = PBXBuildFile; fileRef = 3759F47D262FC27100266086 /* MessageView.swift */; };
		3759F487262FC27100266086 /* SafariView.swift in Sources */ = {isa = PBXBuildFile; fileRef = 3759F47F262FC27100266086 /* SafariView.swift */; };
		3759F488262FC27100266086 /* LinkView.swift in Sources */ = {isa = PBXBuildFile; fileRef = 3759F480262FC27100266086 /* LinkView.swift */; };
		3759F48A262FC27100266086 /* ShareSheetView.swift in Sources */ = {isa = PBXBuildFile; fileRef = 3759F482262FC27100266086 /* ShareSheetView.swift */; };
		3759F48B262FC27100266086 /* EnhancedTextField.swift in Sources */ = {isa = PBXBuildFile; fileRef = 3759F483262FC27100266086 /* EnhancedTextField.swift */; };
		3759F48C262FC27100266086 /* LinkButton.swift in Sources */ = {isa = PBXBuildFile; fileRef = 3759F484262FC27100266086 /* LinkButton.swift */; };
		3759F492262FC2B600266086 /* JyutpingTables.swift in Sources */ = {isa = PBXBuildFile; fileRef = 3759F48D262FC2B600266086 /* JyutpingTables.swift */; };
		3759F493262FC2B600266086 /* AcknowledgementsView.swift in Sources */ = {isa = PBXBuildFile; fileRef = 3759F48E262FC2B600266086 /* AcknowledgementsView.swift */; };
		3759F494262FC2B600266086 /* HomeView.swift in Sources */ = {isa = PBXBuildFile; fileRef = 3759F48F262FC2B600266086 /* HomeView.swift */; };
		3759F495262FC2B600266086 /* JyutpingView.swift in Sources */ = {isa = PBXBuildFile; fileRef = 3759F490262FC2B600266086 /* JyutpingView.swift */; };
		3759F496262FC2B600266086 /* AboutView.swift in Sources */ = {isa = PBXBuildFile; fileRef = 3759F491262FC2B600266086 /* AboutView.swift */; };
		3759F499262FC6DB00266086 /* OpenCCLite in Frameworks */ = {isa = PBXBuildFile; productRef = 3759F498262FC6DB00266086 /* OpenCCLite */; };
		3759F4C3262FC7EA00266086 /* ToolBar.swift in Sources */ = {isa = PBXBuildFile; fileRef = 3759F49B262FC7E900266086 /* ToolBar.swift */; };
		3759F4C4262FC7EA00266086 /* CandidateBoard.swift in Sources */ = {isa = PBXBuildFile; fileRef = 3759F49C262FC7E900266086 /* CandidateBoard.swift */; };
		3759F4C5262FC7EA00266086 /* NumberPadButton.swift in Sources */ = {isa = PBXBuildFile; fileRef = 3759F49D262FC7E900266086 /* NumberPadButton.swift */; };
		3759F4C6262FC7EA00266086 /* ToolButton.swift in Sources */ = {isa = PBXBuildFile; fileRef = 3759F49E262FC7E900266086 /* ToolButton.swift */; };
		3759F4C7262FC7EA00266086 /* CandidateCell.swift in Sources */ = {isa = PBXBuildFile; fileRef = 3759F49F262FC7E900266086 /* CandidateCell.swift */; };
		3759F4C8262FC7EA00266086 /* KeyboardViewController.swift in Sources */ = {isa = PBXBuildFile; fileRef = 3759F4A0262FC7E900266086 /* KeyboardViewController.swift */; };
		3759F4C9262FC7EA00266086 /* Splitter.swift in Sources */ = {isa = PBXBuildFile; fileRef = 3759F4A2262FC7E900266086 /* Splitter.swift */; };
		3759F4CA262FC7EA00266086 /* Engine.swift in Sources */ = {isa = PBXBuildFile; fileRef = 3759F4A3262FC7E900266086 /* Engine.swift */; };
		3759F4CD262FC7EA00266086 /* Candidate.swift in Sources */ = {isa = PBXBuildFile; fileRef = 3759F4A6262FC7E900266086 /* Candidate.swift */; };
		3759F4CE262FC7EA00266086 /* KeyboardEvent.swift in Sources */ = {isa = PBXBuildFile; fileRef = 3759F4A7262FC7E900266086 /* KeyboardEvent.swift */; };
		3759F4CF262FC7EA00266086 /* KeyboardViewController+CollectionView.swift in Sources */ = {isa = PBXBuildFile; fileRef = 3759F4A8262FC7E900266086 /* KeyboardViewController+CollectionView.swift */; };
		3759F4D0262FC7EA00266086 /* KeyView+construction.swift in Sources */ = {isa = PBXBuildFile; fileRef = 3759F4AA262FC7E900266086 /* KeyView+construction.swift */; };
		3759F4D1262FC7EA00266086 /* CalloutView.swift in Sources */ = {isa = PBXBuildFile; fileRef = 3759F4AB262FC7E900266086 /* CalloutView.swift */; };
		3759F4D2262FC7EA00266086 /* BlurEffectView.swift in Sources */ = {isa = PBXBuildFile; fileRef = 3759F4AC262FC7E900266086 /* BlurEffectView.swift */; };
		3759F4D3262FC7EA00266086 /* KeyView+handlers.swift in Sources */ = {isa = PBXBuildFile; fileRef = 3759F4AD262FC7E900266086 /* KeyView+handlers.swift */; };
		3759F4D4262FC7EA00266086 /* KeyView+paths.swift in Sources */ = {isa = PBXBuildFile; fileRef = 3759F4AE262FC7E900266086 /* KeyView+paths.swift */; };
		3759F4D5262FC7EA00266086 /* KeyView+properties.swift in Sources */ = {isa = PBXBuildFile; fileRef = 3759F4AF262FC7E900266086 /* KeyView+properties.swift */; };
		3759F4D6262FC7EA00266086 /* KeyView.swift in Sources */ = {isa = PBXBuildFile; fileRef = 3759F4B0262FC7E900266086 /* KeyView.swift */; };
		3759F4D8262FC7EA00266086 /* AudioFeedback.swift in Sources */ = {isa = PBXBuildFile; fileRef = 3759F4B2262FC7E900266086 /* AudioFeedback.swift */; };
		3759F4DA262FC7EA00266086 /* Emoji.swift in Sources */ = {isa = PBXBuildFile; fileRef = 3759F4B5262FC7EA00266086 /* Emoji.swift */; };
		3759F4DB262FC7EA00266086 /* EmojiCell.swift in Sources */ = {isa = PBXBuildFile; fileRef = 3759F4B6262FC7EA00266086 /* EmojiCell.swift */; };
		3759F4DC262FC7EA00266086 /* EmojiBoard.swift in Sources */ = {isa = PBXBuildFile; fileRef = 3759F4B7262FC7EA00266086 /* EmojiBoard.swift */; };
		3759F4DD262FC7EA00266086 /* KeyboardViewController+TableView.swift in Sources */ = {isa = PBXBuildFile; fileRef = 3759F4B8262FC7EA00266086 /* KeyboardViewController+TableView.swift */; };
		3759F4DE262FC7EA00266086 /* KeyboardViewController+keyboard.swift in Sources */ = {isa = PBXBuildFile; fileRef = 3759F4B9262FC7EA00266086 /* KeyboardViewController+keyboard.swift */; };
		3759F4DF262FC7EA00266086 /* KeyboardLayout+events.swift in Sources */ = {isa = PBXBuildFile; fileRef = 3759F4BB262FC7EA00266086 /* KeyboardLayout+events.swift */; };
		3759F4E0262FC7EA00266086 /* ShiftState.swift in Sources */ = {isa = PBXBuildFile; fileRef = 3759F4BC262FC7EA00266086 /* ShiftState.swift */; };
		3759F4E1262FC7EA00266086 /* KeyboardLayout.swift in Sources */ = {isa = PBXBuildFile; fileRef = 3759F4BD262FC7EA00266086 /* KeyboardLayout.swift */; };
		3759F4E2262FC7EA00266086 /* UIStackView+subviews.swift in Sources */ = {isa = PBXBuildFile; fileRef = 3759F4BF262FC7EA00266086 /* UIStackView+subviews.swift */; };
		3759F4E3262FC7EA00266086 /* Array+deduplicated.swift in Sources */ = {isa = PBXBuildFile; fileRef = 3759F4C0262FC7EA00266086 /* Array+deduplicated.swift */; };
		3759F4E4262FC7EA00266086 /* ColorExtension.swift in Sources */ = {isa = PBXBuildFile; fileRef = 3759F4C1262FC7EA00266086 /* ColorExtension.swift */; };
		3759F4E5262FC7EA00266086 /* StringExtensions.swift in Sources */ = {isa = PBXBuildFile; fileRef = 3759F4C2262FC7EA00266086 /* StringExtensions.swift */; };
		3759F4E8262FC86600266086 /* InfoPlist.strings in Resources */ = {isa = PBXBuildFile; fileRef = 3759F4EA262FC86600266086 /* InfoPlist.strings */; };
		3759F4F1262FC8A300266086 /* Localizable.strings in Resources */ = {isa = PBXBuildFile; fileRef = 3759F4F3262FC8A300266086 /* Localizable.strings */; };
		3775D53D263AF1D20024BF12 /* CharacterExtensions.swift in Sources */ = {isa = PBXBuildFile; fileRef = 3775D53C263AF1D20024BF12 /* CharacterExtensions.swift */; };
		377FE2D8263FCA0B00F00DE8 /* MenuCopyButton.swift in Sources */ = {isa = PBXBuildFile; fileRef = 377FE2D7263FCA0B00F00DE8 /* MenuCopyButton.swift */; };
		3791B2FF2633B9DB00562137 /* UIDevice+modelName.swift in Sources */ = {isa = PBXBuildFile; fileRef = 3791B2FE2633B9DB00562137 /* UIDevice+modelName.swift */; };
		3791B3012634E92B00562137 /* UserLexicon.swift in Sources */ = {isa = PBXBuildFile; fileRef = 3791B3002634E92B00562137 /* UserLexicon.swift */; };
/* End PBXBuildFile section */

/* Begin PBXContainerItemProxy section */
		3759F42F262FB65D00266086 /* PBXContainerItemProxy */ = {
			isa = PBXContainerItemProxy;
			containerPortal = 3759F410262FB65C00266086 /* Project object */;
			proxyType = 1;
			remoteGlobalIDString = 3759F417262FB65C00266086;
			remoteInfo = Jyutping;
		};
		3759F43A262FB65D00266086 /* PBXContainerItemProxy */ = {
			isa = PBXContainerItemProxy;
			containerPortal = 3759F410262FB65C00266086 /* Project object */;
			proxyType = 1;
			remoteGlobalIDString = 3759F417262FB65C00266086;
			remoteInfo = Jyutping;
		};
		3759F454262FBA0500266086 /* PBXContainerItemProxy */ = {
			isa = PBXContainerItemProxy;
			containerPortal = 3759F410262FB65C00266086 /* Project object */;
			proxyType = 1;
			remoteGlobalIDString = 3759F44E262FBA0500266086;
			remoteInfo = Keyboard;
		};
/* End PBXContainerItemProxy section */

/* Begin PBXCopyFilesBuildPhase section */
		3759F457262FBA0500266086 /* Embed App Extensions */ = {
			isa = PBXCopyFilesBuildPhase;
			buildActionMask = 2147483647;
			dstPath = "";
			dstSubfolderSpec = 13;
			files = (
				3759F456262FBA0500266086 /* Keyboard.appex in Embed App Extensions */,
			);
			name = "Embed App Extensions";
			runOnlyForDeploymentPostprocessing = 0;
		};
/* End PBXCopyFilesBuildPhase section */

/* Begin PBXFileReference section */
		3759F418262FB65C00266086 /* Jyutping.app */ = {isa = PBXFileReference; explicitFileType = wrapper.application; includeInIndex = 0; path = Jyutping.app; sourceTree = BUILT_PRODUCTS_DIR; };
		3759F41B262FB65C00266086 /* AppDelegate.swift */ = {isa = PBXFileReference; lastKnownFileType = sourcecode.swift; path = AppDelegate.swift; sourceTree = "<group>"; };
		3759F41D262FB65C00266086 /* SceneDelegate.swift */ = {isa = PBXFileReference; lastKnownFileType = sourcecode.swift; path = SceneDelegate.swift; sourceTree = "<group>"; };
		3759F41F262FB65C00266086 /* ContentView.swift */ = {isa = PBXFileReference; lastKnownFileType = sourcecode.swift; path = ContentView.swift; sourceTree = "<group>"; };
		3759F421262FB65D00266086 /* Assets.xcassets */ = {isa = PBXFileReference; lastKnownFileType = folder.assetcatalog; path = Assets.xcassets; sourceTree = "<group>"; };
		3759F424262FB65D00266086 /* Preview Assets.xcassets */ = {isa = PBXFileReference; lastKnownFileType = folder.assetcatalog; path = "Preview Assets.xcassets"; sourceTree = "<group>"; };
		3759F427262FB65D00266086 /* Base */ = {isa = PBXFileReference; lastKnownFileType = file.storyboard; name = Base; path = Base.lproj/LaunchScreen.storyboard; sourceTree = "<group>"; };
		3759F429262FB65D00266086 /* Info.plist */ = {isa = PBXFileReference; lastKnownFileType = text.plist.xml; path = Info.plist; sourceTree = "<group>"; };
		3759F42E262FB65D00266086 /* JyutpingTests.xctest */ = {isa = PBXFileReference; explicitFileType = wrapper.cfbundle; includeInIndex = 0; path = JyutpingTests.xctest; sourceTree = BUILT_PRODUCTS_DIR; };
		3759F432262FB65D00266086 /* JyutpingTests.swift */ = {isa = PBXFileReference; lastKnownFileType = sourcecode.swift; path = JyutpingTests.swift; sourceTree = "<group>"; };
		3759F434262FB65D00266086 /* Info.plist */ = {isa = PBXFileReference; lastKnownFileType = text.plist.xml; path = Info.plist; sourceTree = "<group>"; };
		3759F439262FB65D00266086 /* JyutpingUITests.xctest */ = {isa = PBXFileReference; explicitFileType = wrapper.cfbundle; includeInIndex = 0; path = JyutpingUITests.xctest; sourceTree = BUILT_PRODUCTS_DIR; };
		3759F43D262FB65D00266086 /* JyutpingUITests.swift */ = {isa = PBXFileReference; lastKnownFileType = sourcecode.swift; path = JyutpingUITests.swift; sourceTree = "<group>"; };
		3759F43F262FB65D00266086 /* Info.plist */ = {isa = PBXFileReference; lastKnownFileType = text.plist.xml; path = Info.plist; sourceTree = "<group>"; };
		3759F44F262FBA0500266086 /* Keyboard.appex */ = {isa = PBXFileReference; explicitFileType = "wrapper.app-extension"; includeInIndex = 0; path = Keyboard.appex; sourceTree = BUILT_PRODUCTS_DIR; };
		3759F453262FBA0500266086 /* Info.plist */ = {isa = PBXFileReference; lastKnownFileType = text.plist.xml; path = Info.plist; sourceTree = "<group>"; };
		3759F460262FBF1C00266086 /* JyutpingProvider */ = {isa = PBXFileReference; lastKnownFileType = folder; name = JyutpingProvider; path = ../Helpers/JyutpingProvider; sourceTree = "<group>"; };
		3759F464262FBF4F00266086 /* KeyboardDataProvider */ = {isa = PBXFileReference; lastKnownFileType = folder; name = KeyboardDataProvider; path = ../Helpers/KeyboardDataProvider; sourceTree = "<group>"; };
		3759F46A262FBFF300266086 /* en */ = {isa = PBXFileReference; lastKnownFileType = text.plist.strings; name = en; path = en.lproj/Localizable.strings; sourceTree = "<group>"; };
		3759F46C262FC02700266086 /* yue */ = {isa = PBXFileReference; lastKnownFileType = text.plist.strings; name = yue; path = yue.lproj/Localizable.strings; sourceTree = "<group>"; };
		3759F46D262FC02B00266086 /* zh-HK */ = {isa = PBXFileReference; lastKnownFileType = text.plist.strings; name = "zh-HK"; path = "zh-HK.lproj/Localizable.strings"; sourceTree = "<group>"; };
		3759F46E262FC02D00266086 /* zh-Hans */ = {isa = PBXFileReference; lastKnownFileType = text.plist.strings; name = "zh-Hans"; path = "zh-Hans.lproj/Localizable.strings"; sourceTree = "<group>"; };
		3759F46F262FC03000266086 /* zh-Hant */ = {isa = PBXFileReference; lastKnownFileType = text.plist.strings; name = "zh-Hant"; path = "zh-Hant.lproj/Localizable.strings"; sourceTree = "<group>"; };
		3759F473262FC07D00266086 /* en */ = {isa = PBXFileReference; lastKnownFileType = text.plist.strings; name = en; path = en.lproj/InfoPlist.strings; sourceTree = "<group>"; };
		3759F475262FC09400266086 /* yue */ = {isa = PBXFileReference; lastKnownFileType = text.plist.strings; name = yue; path = yue.lproj/InfoPlist.strings; sourceTree = "<group>"; };
		3759F476262FC09600266086 /* zh-HK */ = {isa = PBXFileReference; lastKnownFileType = text.plist.strings; name = "zh-HK"; path = "zh-HK.lproj/InfoPlist.strings"; sourceTree = "<group>"; };
		3759F477262FC09700266086 /* zh-Hans */ = {isa = PBXFileReference; lastKnownFileType = text.plist.strings; name = "zh-Hans"; path = "zh-Hans.lproj/InfoPlist.strings"; sourceTree = "<group>"; };
		3759F478262FC09900266086 /* zh-Hant */ = {isa = PBXFileReference; lastKnownFileType = text.plist.strings; name = "zh-Hant"; path = "zh-Hant.lproj/InfoPlist.strings"; sourceTree = "<group>"; };
		3759F47A262FC17C00266086 /* Settings.bundle */ = {isa = PBXFileReference; lastKnownFileType = "wrapper.plug-in"; path = Settings.bundle; sourceTree = "<group>"; };
		3759F47D262FC27100266086 /* MessageView.swift */ = {isa = PBXFileReference; fileEncoding = 4; lastKnownFileType = sourcecode.swift; path = MessageView.swift; sourceTree = "<group>"; };
		3759F47F262FC27100266086 /* SafariView.swift */ = {isa = PBXFileReference; fileEncoding = 4; lastKnownFileType = sourcecode.swift; path = SafariView.swift; sourceTree = "<group>"; };
		3759F480262FC27100266086 /* LinkView.swift */ = {isa = PBXFileReference; fileEncoding = 4; lastKnownFileType = sourcecode.swift; path = LinkView.swift; sourceTree = "<group>"; };
		3759F482262FC27100266086 /* ShareSheetView.swift */ = {isa = PBXFileReference; fileEncoding = 4; lastKnownFileType = sourcecode.swift; path = ShareSheetView.swift; sourceTree = "<group>"; };
		3759F483262FC27100266086 /* EnhancedTextField.swift */ = {isa = PBXFileReference; fileEncoding = 4; lastKnownFileType = sourcecode.swift; path = EnhancedTextField.swift; sourceTree = "<group>"; };
		3759F484262FC27100266086 /* LinkButton.swift */ = {isa = PBXFileReference; fileEncoding = 4; lastKnownFileType = sourcecode.swift; path = LinkButton.swift; sourceTree = "<group>"; };
		3759F48D262FC2B600266086 /* JyutpingTables.swift */ = {isa = PBXFileReference; fileEncoding = 4; lastKnownFileType = sourcecode.swift; path = JyutpingTables.swift; sourceTree = "<group>"; };
		3759F48E262FC2B600266086 /* AcknowledgementsView.swift */ = {isa = PBXFileReference; fileEncoding = 4; lastKnownFileType = sourcecode.swift; path = AcknowledgementsView.swift; sourceTree = "<group>"; };
		3759F48F262FC2B600266086 /* HomeView.swift */ = {isa = PBXFileReference; fileEncoding = 4; lastKnownFileType = sourcecode.swift; path = HomeView.swift; sourceTree = "<group>"; };
		3759F490262FC2B600266086 /* JyutpingView.swift */ = {isa = PBXFileReference; fileEncoding = 4; lastKnownFileType = sourcecode.swift; path = JyutpingView.swift; sourceTree = "<group>"; };
		3759F491262FC2B600266086 /* AboutView.swift */ = {isa = PBXFileReference; fileEncoding = 4; lastKnownFileType = sourcecode.swift; path = AboutView.swift; sourceTree = "<group>"; };
		3759F49B262FC7E900266086 /* ToolBar.swift */ = {isa = PBXFileReference; fileEncoding = 4; lastKnownFileType = sourcecode.swift; path = ToolBar.swift; sourceTree = "<group>"; };
		3759F49C262FC7E900266086 /* CandidateBoard.swift */ = {isa = PBXFileReference; fileEncoding = 4; lastKnownFileType = sourcecode.swift; path = CandidateBoard.swift; sourceTree = "<group>"; };
		3759F49D262FC7E900266086 /* NumberPadButton.swift */ = {isa = PBXFileReference; fileEncoding = 4; lastKnownFileType = sourcecode.swift; path = NumberPadButton.swift; sourceTree = "<group>"; };
		3759F49E262FC7E900266086 /* ToolButton.swift */ = {isa = PBXFileReference; fileEncoding = 4; lastKnownFileType = sourcecode.swift; path = ToolButton.swift; sourceTree = "<group>"; };
		3759F49F262FC7E900266086 /* CandidateCell.swift */ = {isa = PBXFileReference; fileEncoding = 4; lastKnownFileType = sourcecode.swift; path = CandidateCell.swift; sourceTree = "<group>"; };
		3759F4A0262FC7E900266086 /* KeyboardViewController.swift */ = {isa = PBXFileReference; fileEncoding = 4; lastKnownFileType = sourcecode.swift; path = KeyboardViewController.swift; sourceTree = "<group>"; };
		3759F4A2262FC7E900266086 /* Splitter.swift */ = {isa = PBXFileReference; fileEncoding = 4; lastKnownFileType = sourcecode.swift; path = Splitter.swift; sourceTree = "<group>"; };
		3759F4A3262FC7E900266086 /* Engine.swift */ = {isa = PBXFileReference; fileEncoding = 4; lastKnownFileType = sourcecode.swift; path = Engine.swift; sourceTree = "<group>"; };
		3759F4A6262FC7E900266086 /* Candidate.swift */ = {isa = PBXFileReference; fileEncoding = 4; lastKnownFileType = sourcecode.swift; path = Candidate.swift; sourceTree = "<group>"; };
		3759F4A7262FC7E900266086 /* KeyboardEvent.swift */ = {isa = PBXFileReference; fileEncoding = 4; lastKnownFileType = sourcecode.swift; path = KeyboardEvent.swift; sourceTree = "<group>"; };
		3759F4A8262FC7E900266086 /* KeyboardViewController+CollectionView.swift */ = {isa = PBXFileReference; fileEncoding = 4; lastKnownFileType = sourcecode.swift; path = "KeyboardViewController+CollectionView.swift"; sourceTree = "<group>"; };
		3759F4AA262FC7E900266086 /* KeyView+construction.swift */ = {isa = PBXFileReference; fileEncoding = 4; lastKnownFileType = sourcecode.swift; path = "KeyView+construction.swift"; sourceTree = "<group>"; };
		3759F4AB262FC7E900266086 /* CalloutView.swift */ = {isa = PBXFileReference; fileEncoding = 4; lastKnownFileType = sourcecode.swift; path = CalloutView.swift; sourceTree = "<group>"; };
		3759F4AC262FC7E900266086 /* BlurEffectView.swift */ = {isa = PBXFileReference; fileEncoding = 4; lastKnownFileType = sourcecode.swift; path = BlurEffectView.swift; sourceTree = "<group>"; };
		3759F4AD262FC7E900266086 /* KeyView+handlers.swift */ = {isa = PBXFileReference; fileEncoding = 4; lastKnownFileType = sourcecode.swift; path = "KeyView+handlers.swift"; sourceTree = "<group>"; };
		3759F4AE262FC7E900266086 /* KeyView+paths.swift */ = {isa = PBXFileReference; fileEncoding = 4; lastKnownFileType = sourcecode.swift; path = "KeyView+paths.swift"; sourceTree = "<group>"; };
		3759F4AF262FC7E900266086 /* KeyView+properties.swift */ = {isa = PBXFileReference; fileEncoding = 4; lastKnownFileType = sourcecode.swift; path = "KeyView+properties.swift"; sourceTree = "<group>"; };
		3759F4B0262FC7E900266086 /* KeyView.swift */ = {isa = PBXFileReference; fileEncoding = 4; lastKnownFileType = sourcecode.swift; path = KeyView.swift; sourceTree = "<group>"; };
		3759F4B2262FC7E900266086 /* AudioFeedback.swift */ = {isa = PBXFileReference; fileEncoding = 4; lastKnownFileType = sourcecode.swift; path = AudioFeedback.swift; sourceTree = "<group>"; };
		3759F4B5262FC7EA00266086 /* Emoji.swift */ = {isa = PBXFileReference; fileEncoding = 4; lastKnownFileType = sourcecode.swift; path = Emoji.swift; sourceTree = "<group>"; };
		3759F4B6262FC7EA00266086 /* EmojiCell.swift */ = {isa = PBXFileReference; fileEncoding = 4; lastKnownFileType = sourcecode.swift; path = EmojiCell.swift; sourceTree = "<group>"; };
		3759F4B7262FC7EA00266086 /* EmojiBoard.swift */ = {isa = PBXFileReference; fileEncoding = 4; lastKnownFileType = sourcecode.swift; path = EmojiBoard.swift; sourceTree = "<group>"; };
		3759F4B8262FC7EA00266086 /* KeyboardViewController+TableView.swift */ = {isa = PBXFileReference; fileEncoding = 4; lastKnownFileType = sourcecode.swift; path = "KeyboardViewController+TableView.swift"; sourceTree = "<group>"; };
		3759F4B9262FC7EA00266086 /* KeyboardViewController+keyboard.swift */ = {isa = PBXFileReference; fileEncoding = 4; lastKnownFileType = sourcecode.swift; path = "KeyboardViewController+keyboard.swift"; sourceTree = "<group>"; };
		3759F4BB262FC7EA00266086 /* KeyboardLayout+events.swift */ = {isa = PBXFileReference; fileEncoding = 4; lastKnownFileType = sourcecode.swift; path = "KeyboardLayout+events.swift"; sourceTree = "<group>"; };
		3759F4BC262FC7EA00266086 /* ShiftState.swift */ = {isa = PBXFileReference; fileEncoding = 4; lastKnownFileType = sourcecode.swift; path = ShiftState.swift; sourceTree = "<group>"; };
		3759F4BD262FC7EA00266086 /* KeyboardLayout.swift */ = {isa = PBXFileReference; fileEncoding = 4; lastKnownFileType = sourcecode.swift; path = KeyboardLayout.swift; sourceTree = "<group>"; };
		3759F4BF262FC7EA00266086 /* UIStackView+subviews.swift */ = {isa = PBXFileReference; fileEncoding = 4; lastKnownFileType = sourcecode.swift; path = "UIStackView+subviews.swift"; sourceTree = "<group>"; };
		3759F4C0262FC7EA00266086 /* Array+deduplicated.swift */ = {isa = PBXFileReference; fileEncoding = 4; lastKnownFileType = sourcecode.swift; path = "Array+deduplicated.swift"; sourceTree = "<group>"; };
		3759F4C1262FC7EA00266086 /* ColorExtension.swift */ = {isa = PBXFileReference; fileEncoding = 4; lastKnownFileType = sourcecode.swift; path = ColorExtension.swift; sourceTree = "<group>"; };
		3759F4C2262FC7EA00266086 /* StringExtensions.swift */ = {isa = PBXFileReference; fileEncoding = 4; lastKnownFileType = sourcecode.swift; path = StringExtensions.swift; sourceTree = "<group>"; };
		3759F4E9262FC86600266086 /* en */ = {isa = PBXFileReference; lastKnownFileType = text.plist.strings; name = en; path = en.lproj/InfoPlist.strings; sourceTree = "<group>"; };
		3759F4EB262FC86800266086 /* yue */ = {isa = PBXFileReference; lastKnownFileType = text.plist.strings; name = yue; path = yue.lproj/InfoPlist.strings; sourceTree = "<group>"; };
		3759F4EC262FC86900266086 /* zh-HK */ = {isa = PBXFileReference; lastKnownFileType = text.plist.strings; name = "zh-HK"; path = "zh-HK.lproj/InfoPlist.strings"; sourceTree = "<group>"; };
		3759F4ED262FC86A00266086 /* zh-Hans */ = {isa = PBXFileReference; lastKnownFileType = text.plist.strings; name = "zh-Hans"; path = "zh-Hans.lproj/InfoPlist.strings"; sourceTree = "<group>"; };
		3759F4EE262FC86B00266086 /* zh-Hant */ = {isa = PBXFileReference; lastKnownFileType = text.plist.strings; name = "zh-Hant"; path = "zh-Hant.lproj/InfoPlist.strings"; sourceTree = "<group>"; };
		3759F4F2262FC8A300266086 /* en */ = {isa = PBXFileReference; lastKnownFileType = text.plist.strings; name = en; path = en.lproj/Localizable.strings; sourceTree = "<group>"; };
		3759F4F4262FC8A500266086 /* yue */ = {isa = PBXFileReference; lastKnownFileType = text.plist.strings; name = yue; path = yue.lproj/Localizable.strings; sourceTree = "<group>"; };
		3759F4F5262FC8A600266086 /* zh-HK */ = {isa = PBXFileReference; lastKnownFileType = text.plist.strings; name = "zh-HK"; path = "zh-HK.lproj/Localizable.strings"; sourceTree = "<group>"; };
		3759F4F6262FC8A700266086 /* zh-Hans */ = {isa = PBXFileReference; lastKnownFileType = text.plist.strings; name = "zh-Hans"; path = "zh-Hans.lproj/Localizable.strings"; sourceTree = "<group>"; };
		3759F4F7262FC8A800266086 /* zh-Hant */ = {isa = PBXFileReference; lastKnownFileType = text.plist.strings; name = "zh-Hant"; path = "zh-Hant.lproj/Localizable.strings"; sourceTree = "<group>"; };
		3775D53C263AF1D20024BF12 /* CharacterExtensions.swift */ = {isa = PBXFileReference; lastKnownFileType = sourcecode.swift; path = CharacterExtensions.swift; sourceTree = "<group>"; };
		377FE2D7263FCA0B00F00DE8 /* MenuCopyButton.swift */ = {isa = PBXFileReference; lastKnownFileType = sourcecode.swift; path = MenuCopyButton.swift; sourceTree = "<group>"; };
		3791B2FE2633B9DB00562137 /* UIDevice+modelName.swift */ = {isa = PBXFileReference; lastKnownFileType = sourcecode.swift; path = "UIDevice+modelName.swift"; sourceTree = "<group>"; };
		3791B3002634E92B00562137 /* UserLexicon.swift */ = {isa = PBXFileReference; lastKnownFileType = sourcecode.swift; path = UserLexicon.swift; sourceTree = "<group>"; };
/* End PBXFileReference section */

/* Begin PBXFrameworksBuildPhase section */
		3759F415262FB65C00266086 /* Frameworks */ = {
			isa = PBXFrameworksBuildPhase;
			buildActionMask = 2147483647;
			files = (
				3759F463262FBF3800266086 /* JyutpingProvider in Frameworks */,
			);
			runOnlyForDeploymentPostprocessing = 0;
		};
		3759F42B262FB65D00266086 /* Frameworks */ = {
			isa = PBXFrameworksBuildPhase;
			buildActionMask = 2147483647;
			files = (
			);
			runOnlyForDeploymentPostprocessing = 0;
		};
		3759F436262FB65D00266086 /* Frameworks */ = {
			isa = PBXFrameworksBuildPhase;
			buildActionMask = 2147483647;
			files = (
			);
			runOnlyForDeploymentPostprocessing = 0;
		};
		3759F44C262FBA0500266086 /* Frameworks */ = {
			isa = PBXFrameworksBuildPhase;
			buildActionMask = 2147483647;
			files = (
				3759F499262FC6DB00266086 /* OpenCCLite in Frameworks */,
				3759F466262FBF7100266086 /* KeyboardDataProvider in Frameworks */,
			);
			runOnlyForDeploymentPostprocessing = 0;
		};
/* End PBXFrameworksBuildPhase section */

/* Begin PBXGroup section */
		3759F40F262FB65C00266086 = {
			isa = PBXGroup;
			children = (
				3759F460262FBF1C00266086 /* JyutpingProvider */,
				3759F464262FBF4F00266086 /* KeyboardDataProvider */,
				3759F41A262FB65C00266086 /* Jyutping */,
				3759F431262FB65D00266086 /* JyutpingTests */,
				3759F43C262FB65D00266086 /* JyutpingUITests */,
				3759F450262FBA0500266086 /* Keyboard */,
				3759F419262FB65C00266086 /* Products */,
				3759F461262FBF3800266086 /* Frameworks */,
			);
			sourceTree = "<group>";
		};
		3759F419262FB65C00266086 /* Products */ = {
			isa = PBXGroup;
			children = (
				3759F418262FB65C00266086 /* Jyutping.app */,
				3759F42E262FB65D00266086 /* JyutpingTests.xctest */,
				3759F439262FB65D00266086 /* JyutpingUITests.xctest */,
				3759F44F262FBA0500266086 /* Keyboard.appex */,
			);
			name = Products;
			sourceTree = "<group>";
		};
		3759F41A262FB65C00266086 /* Jyutping */ = {
			isa = PBXGroup;
			children = (
				3759F41B262FB65C00266086 /* AppDelegate.swift */,
				3759F41D262FB65C00266086 /* SceneDelegate.swift */,
				3759F41F262FB65C00266086 /* ContentView.swift */,
				3759F48F262FC2B600266086 /* HomeView.swift */,
				3759F490262FC2B600266086 /* JyutpingView.swift */,
				3759F48D262FC2B600266086 /* JyutpingTables.swift */,
				3759F491262FC2B600266086 /* AboutView.swift */,
				3791B2FE2633B9DB00562137 /* UIDevice+modelName.swift */,
				3759F48E262FC2B600266086 /* AcknowledgementsView.swift */,
				3759F47C262FC24800266086 /* Views */,
				3759F421262FB65D00266086 /* Assets.xcassets */,
				3759F426262FB65D00266086 /* LaunchScreen.storyboard */,
				3759F429262FB65D00266086 /* Info.plist */,
				3759F47A262FC17C00266086 /* Settings.bundle */,
				3759F479262FC0B800266086 /* Localization */,
				3759F423262FB65D00266086 /* Preview Content */,
			);
			path = Jyutping;
			sourceTree = "<group>";
		};
		3759F423262FB65D00266086 /* Preview Content */ = {
			isa = PBXGroup;
			children = (
				3759F424262FB65D00266086 /* Preview Assets.xcassets */,
			);
			path = "Preview Content";
			sourceTree = "<group>";
		};
		3759F431262FB65D00266086 /* JyutpingTests */ = {
			isa = PBXGroup;
			children = (
				3759F432262FB65D00266086 /* JyutpingTests.swift */,
				3759F434262FB65D00266086 /* Info.plist */,
			);
			path = JyutpingTests;
			sourceTree = "<group>";
		};
		3759F43C262FB65D00266086 /* JyutpingUITests */ = {
			isa = PBXGroup;
			children = (
				3759F43D262FB65D00266086 /* JyutpingUITests.swift */,
				3759F43F262FB65D00266086 /* Info.plist */,
			);
			path = JyutpingUITests;
			sourceTree = "<group>";
		};
		3759F450262FBA0500266086 /* Keyboard */ = {
			isa = PBXGroup;
			children = (
				3759F4A0262FC7E900266086 /* KeyboardViewController.swift */,
				3759F4B9262FC7EA00266086 /* KeyboardViewController+keyboard.swift */,
				3759F4A8262FC7E900266086 /* KeyboardViewController+CollectionView.swift */,
				3759F4B8262FC7EA00266086 /* KeyboardViewController+TableView.swift */,
				3759F4A7262FC7E900266086 /* KeyboardEvent.swift */,
				3759F4B2262FC7E900266086 /* AudioFeedback.swift */,
				3759F4BA262FC7EA00266086 /* Layout */,
				3759F4A9262FC7E900266086 /* KeyView */,
				3759F49A262FC7E900266086 /* Components */,
				3759F4A1262FC7E900266086 /* Candidate */,
				3759F4B4262FC7EA00266086 /* Emoji */,
				3759F4BE262FC7EA00266086 /* Extensions */,
				3759F453262FBA0500266086 /* Info.plist */,
				3759F4F8262FC8B600266086 /* Localization */,
			);
			path = Keyboard;
			sourceTree = "<group>";
		};
		3759F461262FBF3800266086 /* Frameworks */ = {
			isa = PBXGroup;
			children = (
			);
			name = Frameworks;
			sourceTree = "<group>";
		};
		3759F479262FC0B800266086 /* Localization */ = {
			isa = PBXGroup;
			children = (
				3759F474262FC07D00266086 /* InfoPlist.strings */,
				3759F46B262FBFF300266086 /* Localizable.strings */,
			);
			path = Localization;
			sourceTree = "<group>";
		};
		3759F47C262FC24800266086 /* Views */ = {
			isa = PBXGroup;
			children = (
				3759F483262FC27100266086 /* EnhancedTextField.swift */,
				3759F484262FC27100266086 /* LinkButton.swift */,
				3759F480262FC27100266086 /* LinkView.swift */,
				3759F47D262FC27100266086 /* MessageView.swift */,
				3759F47F262FC27100266086 /* SafariView.swift */,
				3759F482262FC27100266086 /* ShareSheetView.swift */,
				377FE2D7263FCA0B00F00DE8 /* MenuCopyButton.swift */,
			);
			path = Views;
			sourceTree = "<group>";
		};
		3759F49A262FC7E900266086 /* Components */ = {
			isa = PBXGroup;
			children = (
				3759F49B262FC7E900266086 /* ToolBar.swift */,
				3759F49E262FC7E900266086 /* ToolButton.swift */,
				3759F49C262FC7E900266086 /* CandidateBoard.swift */,
				3759F49F262FC7E900266086 /* CandidateCell.swift */,
				3759F49D262FC7E900266086 /* NumberPadButton.swift */,
			);
			path = Components;
			sourceTree = "<group>";
		};
		3759F4A1262FC7E900266086 /* Candidate */ = {
			isa = PBXGroup;
			children = (
				3759F4A2262FC7E900266086 /* Splitter.swift */,
				3759F4A3262FC7E900266086 /* Engine.swift */,
				3791B3002634E92B00562137 /* UserLexicon.swift */,
				3759F4A6262FC7E900266086 /* Candidate.swift */,
			);
			path = Candidate;
			sourceTree = "<group>";
		};
		3759F4A9262FC7E900266086 /* KeyView */ = {
			isa = PBXGroup;
			children = (
				3759F4B0262FC7E900266086 /* KeyView.swift */,
				3759F4AD262FC7E900266086 /* KeyView+handlers.swift */,
				3759F4AF262FC7E900266086 /* KeyView+properties.swift */,
				3759F4AA262FC7E900266086 /* KeyView+construction.swift */,
				3759F4AE262FC7E900266086 /* KeyView+paths.swift */,
				3759F4AB262FC7E900266086 /* CalloutView.swift */,
				3759F4AC262FC7E900266086 /* BlurEffectView.swift */,
			);
			path = KeyView;
			sourceTree = "<group>";
		};
		3759F4B4262FC7EA00266086 /* Emoji */ = {
			isa = PBXGroup;
			children = (
				3759F4B5262FC7EA00266086 /* Emoji.swift */,
				3759F4B6262FC7EA00266086 /* EmojiCell.swift */,
				3759F4B7262FC7EA00266086 /* EmojiBoard.swift */,
			);
			path = Emoji;
			sourceTree = "<group>";
		};
		3759F4BA262FC7EA00266086 /* Layout */ = {
			isa = PBXGroup;
			children = (
				3759F4BD262FC7EA00266086 /* KeyboardLayout.swift */,
				3759F4BB262FC7EA00266086 /* KeyboardLayout+events.swift */,
				3759F4BC262FC7EA00266086 /* ShiftState.swift */,
			);
			path = Layout;
			sourceTree = "<group>";
		};
		3759F4BE262FC7EA00266086 /* Extensions */ = {
			isa = PBXGroup;
			children = (
				3759F4BF262FC7EA00266086 /* UIStackView+subviews.swift */,
				3759F4C1262FC7EA00266086 /* ColorExtension.swift */,
				3759F4C0262FC7EA00266086 /* Array+deduplicated.swift */,
				3775D53C263AF1D20024BF12 /* CharacterExtensions.swift */,
				3759F4C2262FC7EA00266086 /* StringExtensions.swift */,
			);
			path = Extensions;
			sourceTree = "<group>";
		};
		3759F4F8262FC8B600266086 /* Localization */ = {
			isa = PBXGroup;
			children = (
				3759F4EA262FC86600266086 /* InfoPlist.strings */,
				3759F4F3262FC8A300266086 /* Localizable.strings */,
			);
			path = Localization;
			sourceTree = "<group>";
		};
/* End PBXGroup section */

/* Begin PBXNativeTarget section */
		3759F417262FB65C00266086 /* Jyutping */ = {
			isa = PBXNativeTarget;
			buildConfigurationList = 3759F442262FB65D00266086 /* Build configuration list for PBXNativeTarget "Jyutping" */;
			buildPhases = (
				3759F414262FB65C00266086 /* Sources */,
				3759F415262FB65C00266086 /* Frameworks */,
				3759F416262FB65C00266086 /* Resources */,
				3759F457262FBA0500266086 /* Embed App Extensions */,
			);
			buildRules = (
			);
			dependencies = (
				3759F455262FBA0500266086 /* PBXTargetDependency */,
			);
			name = Jyutping;
			packageProductDependencies = (
				3759F462262FBF3800266086 /* JyutpingProvider */,
			);
			productName = Jyutping;
			productReference = 3759F418262FB65C00266086 /* Jyutping.app */;
			productType = "com.apple.product-type.application";
		};
		3759F42D262FB65D00266086 /* JyutpingTests */ = {
			isa = PBXNativeTarget;
			buildConfigurationList = 3759F445262FB65D00266086 /* Build configuration list for PBXNativeTarget "JyutpingTests" */;
			buildPhases = (
				3759F42A262FB65D00266086 /* Sources */,
				3759F42B262FB65D00266086 /* Frameworks */,
				3759F42C262FB65D00266086 /* Resources */,
			);
			buildRules = (
			);
			dependencies = (
				3759F430262FB65D00266086 /* PBXTargetDependency */,
			);
			name = JyutpingTests;
			productName = JyutpingTests;
			productReference = 3759F42E262FB65D00266086 /* JyutpingTests.xctest */;
			productType = "com.apple.product-type.bundle.unit-test";
		};
		3759F438262FB65D00266086 /* JyutpingUITests */ = {
			isa = PBXNativeTarget;
			buildConfigurationList = 3759F448262FB65D00266086 /* Build configuration list for PBXNativeTarget "JyutpingUITests" */;
			buildPhases = (
				3759F435262FB65D00266086 /* Sources */,
				3759F436262FB65D00266086 /* Frameworks */,
				3759F437262FB65D00266086 /* Resources */,
			);
			buildRules = (
			);
			dependencies = (
				3759F43B262FB65D00266086 /* PBXTargetDependency */,
			);
			name = JyutpingUITests;
			productName = JyutpingUITests;
			productReference = 3759F439262FB65D00266086 /* JyutpingUITests.xctest */;
			productType = "com.apple.product-type.bundle.ui-testing";
		};
		3759F44E262FBA0500266086 /* Keyboard */ = {
			isa = PBXNativeTarget;
			buildConfigurationList = 3759F45A262FBA0500266086 /* Build configuration list for PBXNativeTarget "Keyboard" */;
			buildPhases = (
				3759F44B262FBA0500266086 /* Sources */,
				3759F44C262FBA0500266086 /* Frameworks */,
				3759F44D262FBA0500266086 /* Resources */,
			);
			buildRules = (
			);
			dependencies = (
			);
			name = Keyboard;
			packageProductDependencies = (
				3759F465262FBF7100266086 /* KeyboardDataProvider */,
				3759F498262FC6DB00266086 /* OpenCCLite */,
			);
			productName = Keyboard;
			productReference = 3759F44F262FBA0500266086 /* Keyboard.appex */;
			productType = "com.apple.product-type.app-extension";
		};
/* End PBXNativeTarget section */

/* Begin PBXProject section */
		3759F410262FB65C00266086 /* Project object */ = {
			isa = PBXProject;
			attributes = {
				LastSwiftUpdateCheck = 1250;
				LastUpgradeCheck = 1250;
				TargetAttributes = {
					3759F417262FB65C00266086 = {
						CreatedOnToolsVersion = 12.5;
					};
					3759F42D262FB65D00266086 = {
						CreatedOnToolsVersion = 12.5;
						TestTargetID = 3759F417262FB65C00266086;
					};
					3759F438262FB65D00266086 = {
						CreatedOnToolsVersion = 12.5;
						TestTargetID = 3759F417262FB65C00266086;
					};
					3759F44E262FBA0500266086 = {
						CreatedOnToolsVersion = 12.5;
						LastSwiftMigration = 1250;
					};
				};
			};
			buildConfigurationList = 3759F413262FB65C00266086 /* Build configuration list for PBXProject "Jyutping" */;
			compatibilityVersion = "Xcode 12.0";
			developmentRegion = en;
			hasScannedForEncodings = 0;
			knownRegions = (
				en,
				Base,
				yue,
				"zh-HK",
				"zh-Hant",
				"zh-Hans",
			);
			mainGroup = 3759F40F262FB65C00266086;
			packageReferences = (
				3759F497262FC6DB00266086 /* XCRemoteSwiftPackageReference "OpenCCLite" */,
			);
			productRefGroup = 3759F419262FB65C00266086 /* Products */;
			projectDirPath = "";
			projectRoot = "";
			targets = (
				3759F417262FB65C00266086 /* Jyutping */,
				3759F42D262FB65D00266086 /* JyutpingTests */,
				3759F438262FB65D00266086 /* JyutpingUITests */,
				3759F44E262FBA0500266086 /* Keyboard */,
			);
		};
/* End PBXProject section */

/* Begin PBXResourcesBuildPhase section */
		3759F416262FB65C00266086 /* Resources */ = {
			isa = PBXResourcesBuildPhase;
			buildActionMask = 2147483647;
			files = (
				3759F428262FB65D00266086 /* LaunchScreen.storyboard in Resources */,
				3759F469262FBFF300266086 /* Localizable.strings in Resources */,
				3759F425262FB65D00266086 /* Preview Assets.xcassets in Resources */,
				3759F422262FB65D00266086 /* Assets.xcassets in Resources */,
				3759F47B262FC17C00266086 /* Settings.bundle in Resources */,
				3759F472262FC07D00266086 /* InfoPlist.strings in Resources */,
			);
			runOnlyForDeploymentPostprocessing = 0;
		};
		3759F42C262FB65D00266086 /* Resources */ = {
			isa = PBXResourcesBuildPhase;
			buildActionMask = 2147483647;
			files = (
			);
			runOnlyForDeploymentPostprocessing = 0;
		};
		3759F437262FB65D00266086 /* Resources */ = {
			isa = PBXResourcesBuildPhase;
			buildActionMask = 2147483647;
			files = (
			);
			runOnlyForDeploymentPostprocessing = 0;
		};
		3759F44D262FBA0500266086 /* Resources */ = {
			isa = PBXResourcesBuildPhase;
			buildActionMask = 2147483647;
			files = (
				3759F4F1262FC8A300266086 /* Localizable.strings in Resources */,
				3759F4E8262FC86600266086 /* InfoPlist.strings in Resources */,
			);
			runOnlyForDeploymentPostprocessing = 0;
		};
/* End PBXResourcesBuildPhase section */

/* Begin PBXSourcesBuildPhase section */
		3759F414262FB65C00266086 /* Sources */ = {
			isa = PBXSourcesBuildPhase;
			buildActionMask = 2147483647;
			files = (
				3759F496262FC2B600266086 /* AboutView.swift in Sources */,
				3759F485262FC27100266086 /* MessageView.swift in Sources */,
				3759F494262FC2B600266086 /* HomeView.swift in Sources */,
				3759F48B262FC27100266086 /* EnhancedTextField.swift in Sources */,
				3759F48A262FC27100266086 /* ShareSheetView.swift in Sources */,
				3759F492262FC2B600266086 /* JyutpingTables.swift in Sources */,
				3759F41C262FB65C00266086 /* AppDelegate.swift in Sources */,
				3759F41E262FB65C00266086 /* SceneDelegate.swift in Sources */,
				3791B2FF2633B9DB00562137 /* UIDevice+modelName.swift in Sources */,
				3759F493262FC2B600266086 /* AcknowledgementsView.swift in Sources */,
				3759F487262FC27100266086 /* SafariView.swift in Sources */,
				377FE2D8263FCA0B00F00DE8 /* MenuCopyButton.swift in Sources */,
				3759F488262FC27100266086 /* LinkView.swift in Sources */,
				3759F495262FC2B600266086 /* JyutpingView.swift in Sources */,
				3759F48C262FC27100266086 /* LinkButton.swift in Sources */,
				3759F420262FB65C00266086 /* ContentView.swift in Sources */,
			);
			runOnlyForDeploymentPostprocessing = 0;
		};
		3759F42A262FB65D00266086 /* Sources */ = {
			isa = PBXSourcesBuildPhase;
			buildActionMask = 2147483647;
			files = (
				3759F433262FB65D00266086 /* JyutpingTests.swift in Sources */,
			);
			runOnlyForDeploymentPostprocessing = 0;
		};
		3759F435262FB65D00266086 /* Sources */ = {
			isa = PBXSourcesBuildPhase;
			buildActionMask = 2147483647;
			files = (
				3759F43E262FB65D00266086 /* JyutpingUITests.swift in Sources */,
			);
			runOnlyForDeploymentPostprocessing = 0;
		};
		3759F44B262FBA0500266086 /* Sources */ = {
			isa = PBXSourcesBuildPhase;
			buildActionMask = 2147483647;
			files = (
				3791B3012634E92B00562137 /* UserLexicon.swift in Sources */,
				3759F4D3262FC7EA00266086 /* KeyView+handlers.swift in Sources */,
				3759F4C4262FC7EA00266086 /* CandidateBoard.swift in Sources */,
				3759F4C8262FC7EA00266086 /* KeyboardViewController.swift in Sources */,
				3759F4DC262FC7EA00266086 /* EmojiBoard.swift in Sources */,
				3775D53D263AF1D20024BF12 /* CharacterExtensions.swift in Sources */,
				3759F4E3262FC7EA00266086 /* Array+deduplicated.swift in Sources */,
				3759F4C6262FC7EA00266086 /* ToolButton.swift in Sources */,
				3759F4E2262FC7EA00266086 /* UIStackView+subviews.swift in Sources */,
				3759F4C3262FC7EA00266086 /* ToolBar.swift in Sources */,
				3759F4E4262FC7EA00266086 /* ColorExtension.swift in Sources */,
				3759F4DB262FC7EA00266086 /* EmojiCell.swift in Sources */,
				3759F4CE262FC7EA00266086 /* KeyboardEvent.swift in Sources */,
				3759F4C5262FC7EA00266086 /* NumberPadButton.swift in Sources */,
				3759F4CA262FC7EA00266086 /* Engine.swift in Sources */,
				3759F4DD262FC7EA00266086 /* KeyboardViewController+TableView.swift in Sources */,
				3759F4E1262FC7EA00266086 /* KeyboardLayout.swift in Sources */,
				3759F4D1262FC7EA00266086 /* CalloutView.swift in Sources */,
				3759F4CF262FC7EA00266086 /* KeyboardViewController+CollectionView.swift in Sources */,
				3759F4D0262FC7EA00266086 /* KeyView+construction.swift in Sources */,
				3759F4D6262FC7EA00266086 /* KeyView.swift in Sources */,
				3759F4E5262FC7EA00266086 /* StringExtensions.swift in Sources */,
				3759F4DE262FC7EA00266086 /* KeyboardViewController+keyboard.swift in Sources */,
				3759F4D8262FC7EA00266086 /* AudioFeedback.swift in Sources */,
				3759F4DA262FC7EA00266086 /* Emoji.swift in Sources */,
				3759F4DF262FC7EA00266086 /* KeyboardLayout+events.swift in Sources */,
				3759F4D2262FC7EA00266086 /* BlurEffectView.swift in Sources */,
				3759F4C7262FC7EA00266086 /* CandidateCell.swift in Sources */,
				3759F4E0262FC7EA00266086 /* ShiftState.swift in Sources */,
				3759F4D5262FC7EA00266086 /* KeyView+properties.swift in Sources */,
				3759F4D4262FC7EA00266086 /* KeyView+paths.swift in Sources */,
				3759F4CD262FC7EA00266086 /* Candidate.swift in Sources */,
				3759F4C9262FC7EA00266086 /* Splitter.swift in Sources */,
			);
			runOnlyForDeploymentPostprocessing = 0;
		};
/* End PBXSourcesBuildPhase section */

/* Begin PBXTargetDependency section */
		3759F430262FB65D00266086 /* PBXTargetDependency */ = {
			isa = PBXTargetDependency;
			target = 3759F417262FB65C00266086 /* Jyutping */;
			targetProxy = 3759F42F262FB65D00266086 /* PBXContainerItemProxy */;
		};
		3759F43B262FB65D00266086 /* PBXTargetDependency */ = {
			isa = PBXTargetDependency;
			target = 3759F417262FB65C00266086 /* Jyutping */;
			targetProxy = 3759F43A262FB65D00266086 /* PBXContainerItemProxy */;
		};
		3759F455262FBA0500266086 /* PBXTargetDependency */ = {
			isa = PBXTargetDependency;
			target = 3759F44E262FBA0500266086 /* Keyboard */;
			targetProxy = 3759F454262FBA0500266086 /* PBXContainerItemProxy */;
		};
/* End PBXTargetDependency section */

/* Begin PBXVariantGroup section */
		3759F426262FB65D00266086 /* LaunchScreen.storyboard */ = {
			isa = PBXVariantGroup;
			children = (
				3759F427262FB65D00266086 /* Base */,
			);
			name = LaunchScreen.storyboard;
			sourceTree = "<group>";
		};
		3759F46B262FBFF300266086 /* Localizable.strings */ = {
			isa = PBXVariantGroup;
			children = (
				3759F46A262FBFF300266086 /* en */,
				3759F46C262FC02700266086 /* yue */,
				3759F46D262FC02B00266086 /* zh-HK */,
				3759F46E262FC02D00266086 /* zh-Hans */,
				3759F46F262FC03000266086 /* zh-Hant */,
			);
			name = Localizable.strings;
			sourceTree = "<group>";
		};
		3759F474262FC07D00266086 /* InfoPlist.strings */ = {
			isa = PBXVariantGroup;
			children = (
				3759F473262FC07D00266086 /* en */,
				3759F475262FC09400266086 /* yue */,
				3759F476262FC09600266086 /* zh-HK */,
				3759F477262FC09700266086 /* zh-Hans */,
				3759F478262FC09900266086 /* zh-Hant */,
			);
			name = InfoPlist.strings;
			sourceTree = "<group>";
		};
		3759F4EA262FC86600266086 /* InfoPlist.strings */ = {
			isa = PBXVariantGroup;
			children = (
				3759F4E9262FC86600266086 /* en */,
				3759F4EB262FC86800266086 /* yue */,
				3759F4EC262FC86900266086 /* zh-HK */,
				3759F4ED262FC86A00266086 /* zh-Hans */,
				3759F4EE262FC86B00266086 /* zh-Hant */,
			);
			name = InfoPlist.strings;
			sourceTree = "<group>";
		};
		3759F4F3262FC8A300266086 /* Localizable.strings */ = {
			isa = PBXVariantGroup;
			children = (
				3759F4F2262FC8A300266086 /* en */,
				3759F4F4262FC8A500266086 /* yue */,
				3759F4F5262FC8A600266086 /* zh-HK */,
				3759F4F6262FC8A700266086 /* zh-Hans */,
				3759F4F7262FC8A800266086 /* zh-Hant */,
			);
			name = Localizable.strings;
			sourceTree = "<group>";
		};
/* End PBXVariantGroup section */

/* Begin XCBuildConfiguration section */
		3759F440262FB65D00266086 /* Debug */ = {
			isa = XCBuildConfiguration;
			buildSettings = {
				ALWAYS_SEARCH_USER_PATHS = NO;
				CLANG_ANALYZER_LOCALIZABILITY_NONLOCALIZED = YES;
				CLANG_ANALYZER_NONNULL = YES;
				CLANG_ANALYZER_NUMBER_OBJECT_CONVERSION = YES_AGGRESSIVE;
				CLANG_CXX_LANGUAGE_STANDARD = "gnu++14";
				CLANG_CXX_LIBRARY = "libc++";
				CLANG_ENABLE_MODULES = YES;
				CLANG_ENABLE_OBJC_ARC = YES;
				CLANG_ENABLE_OBJC_WEAK = YES;
				CLANG_WARN_BLOCK_CAPTURE_AUTORELEASING = YES;
				CLANG_WARN_BOOL_CONVERSION = YES;
				CLANG_WARN_COMMA = YES;
				CLANG_WARN_CONSTANT_CONVERSION = YES;
				CLANG_WARN_DEPRECATED_OBJC_IMPLEMENTATIONS = YES;
				CLANG_WARN_DIRECT_OBJC_ISA_USAGE = YES_ERROR;
				CLANG_WARN_DOCUMENTATION_COMMENTS = YES;
				CLANG_WARN_EMPTY_BODY = YES;
				CLANG_WARN_ENUM_CONVERSION = YES;
				CLANG_WARN_INFINITE_RECURSION = YES;
				CLANG_WARN_INT_CONVERSION = YES;
				CLANG_WARN_NON_LITERAL_NULL_CONVERSION = YES;
				CLANG_WARN_OBJC_IMPLICIT_RETAIN_SELF = YES;
				CLANG_WARN_OBJC_LITERAL_CONVERSION = YES;
				CLANG_WARN_OBJC_ROOT_CLASS = YES_ERROR;
				CLANG_WARN_QUOTED_INCLUDE_IN_FRAMEWORK_HEADER = YES;
				CLANG_WARN_RANGE_LOOP_ANALYSIS = YES;
				CLANG_WARN_STRICT_PROTOTYPES = YES;
				CLANG_WARN_SUSPICIOUS_MOVE = YES;
				CLANG_WARN_UNGUARDED_AVAILABILITY = YES_AGGRESSIVE;
				CLANG_WARN_UNREACHABLE_CODE = YES;
				CLANG_WARN__DUPLICATE_METHOD_MATCH = YES;
				COPY_PHASE_STRIP = NO;
				DEBUG_INFORMATION_FORMAT = dwarf;
				ENABLE_STRICT_OBJC_MSGSEND = YES;
				ENABLE_TESTABILITY = YES;
				GCC_C_LANGUAGE_STANDARD = gnu11;
				GCC_DYNAMIC_NO_PIC = NO;
				GCC_NO_COMMON_BLOCKS = YES;
				GCC_OPTIMIZATION_LEVEL = 0;
				GCC_PREPROCESSOR_DEFINITIONS = (
					"DEBUG=1",
					"$(inherited)",
				);
				GCC_WARN_64_TO_32_BIT_CONVERSION = YES;
				GCC_WARN_ABOUT_RETURN_TYPE = YES_ERROR;
				GCC_WARN_UNDECLARED_SELECTOR = YES;
				GCC_WARN_UNINITIALIZED_AUTOS = YES_AGGRESSIVE;
				GCC_WARN_UNUSED_FUNCTION = YES;
				GCC_WARN_UNUSED_VARIABLE = YES;
				IPHONEOS_DEPLOYMENT_TARGET = 13.0;
				MTL_ENABLE_DEBUG_INFO = INCLUDE_SOURCE;
				MTL_FAST_MATH = YES;
				ONLY_ACTIVE_ARCH = YES;
				SDKROOT = iphoneos;
				SWIFT_ACTIVE_COMPILATION_CONDITIONS = DEBUG;
				SWIFT_OPTIMIZATION_LEVEL = "-Onone";
			};
			name = Debug;
		};
		3759F441262FB65D00266086 /* Release */ = {
			isa = XCBuildConfiguration;
			buildSettings = {
				ALWAYS_SEARCH_USER_PATHS = NO;
				CLANG_ANALYZER_LOCALIZABILITY_NONLOCALIZED = YES;
				CLANG_ANALYZER_NONNULL = YES;
				CLANG_ANALYZER_NUMBER_OBJECT_CONVERSION = YES_AGGRESSIVE;
				CLANG_CXX_LANGUAGE_STANDARD = "gnu++14";
				CLANG_CXX_LIBRARY = "libc++";
				CLANG_ENABLE_MODULES = YES;
				CLANG_ENABLE_OBJC_ARC = YES;
				CLANG_ENABLE_OBJC_WEAK = YES;
				CLANG_WARN_BLOCK_CAPTURE_AUTORELEASING = YES;
				CLANG_WARN_BOOL_CONVERSION = YES;
				CLANG_WARN_COMMA = YES;
				CLANG_WARN_CONSTANT_CONVERSION = YES;
				CLANG_WARN_DEPRECATED_OBJC_IMPLEMENTATIONS = YES;
				CLANG_WARN_DIRECT_OBJC_ISA_USAGE = YES_ERROR;
				CLANG_WARN_DOCUMENTATION_COMMENTS = YES;
				CLANG_WARN_EMPTY_BODY = YES;
				CLANG_WARN_ENUM_CONVERSION = YES;
				CLANG_WARN_INFINITE_RECURSION = YES;
				CLANG_WARN_INT_CONVERSION = YES;
				CLANG_WARN_NON_LITERAL_NULL_CONVERSION = YES;
				CLANG_WARN_OBJC_IMPLICIT_RETAIN_SELF = YES;
				CLANG_WARN_OBJC_LITERAL_CONVERSION = YES;
				CLANG_WARN_OBJC_ROOT_CLASS = YES_ERROR;
				CLANG_WARN_QUOTED_INCLUDE_IN_FRAMEWORK_HEADER = YES;
				CLANG_WARN_RANGE_LOOP_ANALYSIS = YES;
				CLANG_WARN_STRICT_PROTOTYPES = YES;
				CLANG_WARN_SUSPICIOUS_MOVE = YES;
				CLANG_WARN_UNGUARDED_AVAILABILITY = YES_AGGRESSIVE;
				CLANG_WARN_UNREACHABLE_CODE = YES;
				CLANG_WARN__DUPLICATE_METHOD_MATCH = YES;
				COPY_PHASE_STRIP = NO;
				DEBUG_INFORMATION_FORMAT = "dwarf-with-dsym";
				ENABLE_NS_ASSERTIONS = NO;
				ENABLE_STRICT_OBJC_MSGSEND = YES;
				GCC_C_LANGUAGE_STANDARD = gnu11;
				GCC_NO_COMMON_BLOCKS = YES;
				GCC_WARN_64_TO_32_BIT_CONVERSION = YES;
				GCC_WARN_ABOUT_RETURN_TYPE = YES_ERROR;
				GCC_WARN_UNDECLARED_SELECTOR = YES;
				GCC_WARN_UNINITIALIZED_AUTOS = YES_AGGRESSIVE;
				GCC_WARN_UNUSED_FUNCTION = YES;
				GCC_WARN_UNUSED_VARIABLE = YES;
				IPHONEOS_DEPLOYMENT_TARGET = 13.0;
				MTL_ENABLE_DEBUG_INFO = NO;
				MTL_FAST_MATH = YES;
				SDKROOT = iphoneos;
				SWIFT_COMPILATION_MODE = wholemodule;
				SWIFT_OPTIMIZATION_LEVEL = "-O";
				VALIDATE_PRODUCT = YES;
			};
			name = Release;
		};
		3759F443262FB65D00266086 /* Debug */ = {
			isa = XCBuildConfiguration;
			buildSettings = {
				ALWAYS_EMBED_SWIFT_STANDARD_LIBRARIES = NO;
				ASSETCATALOG_COMPILER_APPICON_NAME = AppIcon;
				ASSETCATALOG_COMPILER_GLOBAL_ACCENT_COLOR_NAME = "";
				CODE_SIGN_IDENTITY = "Apple Development";
				CODE_SIGN_STYLE = Manual;
				CURRENT_PROJECT_VERSION = 53;
				DEVELOPMENT_ASSET_PATHS = "\"Jyutping/Preview Content\"";
				DEVELOPMENT_TEAM = "";
				ENABLE_PREVIEWS = YES;
				INFOPLIST_FILE = Jyutping/Info.plist;
				LD_RUNPATH_SEARCH_PATHS = (
					"$(inherited)",
					"@executable_path/Frameworks",
				);
				MARKETING_VERSION = 0.7.6;
				PRODUCT_BUNDLE_IDENTIFIER = im.cantonese.CantoneseIM;
				PRODUCT_NAME = "$(TARGET_NAME)";
				PROVISIONING_PROFILE_SPECIFIER = "";
				SWIFT_VERSION = 5.0;
				TARGETED_DEVICE_FAMILY = "1,2";
			};
			name = Debug;
		};
		3759F444262FB65D00266086 /* Release */ = {
			isa = XCBuildConfiguration;
			buildSettings = {
				ALWAYS_EMBED_SWIFT_STANDARD_LIBRARIES = NO;
				ASSETCATALOG_COMPILER_APPICON_NAME = AppIcon;
				ASSETCATALOG_COMPILER_GLOBAL_ACCENT_COLOR_NAME = "";
				CODE_SIGN_IDENTITY = "Apple Development";
				CODE_SIGN_STYLE = Manual;
				CURRENT_PROJECT_VERSION = 53;
				DEVELOPMENT_ASSET_PATHS = "\"Jyutping/Preview Content\"";
				DEVELOPMENT_TEAM = "";
				ENABLE_PREVIEWS = YES;
				INFOPLIST_FILE = Jyutping/Info.plist;
				LD_RUNPATH_SEARCH_PATHS = (
					"$(inherited)",
					"@executable_path/Frameworks",
				);
				MARKETING_VERSION = 0.7.6;
				PRODUCT_BUNDLE_IDENTIFIER = im.cantonese.CantoneseIM;
				PRODUCT_NAME = "$(TARGET_NAME)";
				PROVISIONING_PROFILE_SPECIFIER = "";
				SWIFT_VERSION = 5.0;
				TARGETED_DEVICE_FAMILY = "1,2";
			};
			name = Release;
		};
		3759F446262FB65D00266086 /* Debug */ = {
			isa = XCBuildConfiguration;
			buildSettings = {
				ALWAYS_EMBED_SWIFT_STANDARD_LIBRARIES = NO;
				BUNDLE_LOADER = "$(TEST_HOST)";
				CODE_SIGN_STYLE = Manual;
				DEVELOPMENT_TEAM = "";
				INFOPLIST_FILE = JyutpingTests/Info.plist;
				IPHONEOS_DEPLOYMENT_TARGET = 14.5;
				LD_RUNPATH_SEARCH_PATHS = (
					"$(inherited)",
					"@executable_path/Frameworks",
					"@loader_path/Frameworks",
				);
				PRODUCT_BUNDLE_IDENTIFIER = im.cantonese.JyutpingTests;
				PRODUCT_NAME = "$(TARGET_NAME)";
				PROVISIONING_PROFILE_SPECIFIER = "";
				"PROVISIONING_PROFILE_SPECIFIER[sdk=macosx*]" = "";
				SWIFT_VERSION = 5.0;
				TARGETED_DEVICE_FAMILY = "1,2";
				TEST_HOST = "$(BUILT_PRODUCTS_DIR)/Jyutping.app/Jyutping";
			};
			name = Debug;
		};
		3759F447262FB65D00266086 /* Release */ = {
			isa = XCBuildConfiguration;
			buildSettings = {
				ALWAYS_EMBED_SWIFT_STANDARD_LIBRARIES = NO;
				BUNDLE_LOADER = "$(TEST_HOST)";
				CODE_SIGN_STYLE = Manual;
				DEVELOPMENT_TEAM = "";
				INFOPLIST_FILE = JyutpingTests/Info.plist;
				IPHONEOS_DEPLOYMENT_TARGET = 14.5;
				LD_RUNPATH_SEARCH_PATHS = (
					"$(inherited)",
					"@executable_path/Frameworks",
					"@loader_path/Frameworks",
				);
				PRODUCT_BUNDLE_IDENTIFIER = im.cantonese.JyutpingTests;
				PRODUCT_NAME = "$(TARGET_NAME)";
				PROVISIONING_PROFILE_SPECIFIER = "";
				"PROVISIONING_PROFILE_SPECIFIER[sdk=macosx*]" = "";
				SWIFT_VERSION = 5.0;
				TARGETED_DEVICE_FAMILY = "1,2";
				TEST_HOST = "$(BUILT_PRODUCTS_DIR)/Jyutping.app/Jyutping";
			};
			name = Release;
		};
		3759F449262FB65D00266086 /* Debug */ = {
			isa = XCBuildConfiguration;
			buildSettings = {
				ALWAYS_EMBED_SWIFT_STANDARD_LIBRARIES = NO;
				CODE_SIGN_STYLE = Manual;
				DEVELOPMENT_TEAM = "";
				INFOPLIST_FILE = JyutpingUITests/Info.plist;
				LD_RUNPATH_SEARCH_PATHS = (
					"$(inherited)",
					"@executable_path/Frameworks",
					"@loader_path/Frameworks",
				);
				PRODUCT_BUNDLE_IDENTIFIER = im.cantonese.JyutpingUITests;
				PRODUCT_NAME = "$(TARGET_NAME)";
				PROVISIONING_PROFILE_SPECIFIER = "";
				"PROVISIONING_PROFILE_SPECIFIER[sdk=macosx*]" = "";
				SWIFT_VERSION = 5.0;
				TARGETED_DEVICE_FAMILY = "1,2";
				TEST_TARGET_NAME = Jyutping;
			};
			name = Debug;
		};
		3759F44A262FB65D00266086 /* Release */ = {
			isa = XCBuildConfiguration;
			buildSettings = {
				ALWAYS_EMBED_SWIFT_STANDARD_LIBRARIES = NO;
				CODE_SIGN_STYLE = Manual;
				DEVELOPMENT_TEAM = "";
				INFOPLIST_FILE = JyutpingUITests/Info.plist;
				LD_RUNPATH_SEARCH_PATHS = (
					"$(inherited)",
					"@executable_path/Frameworks",
					"@loader_path/Frameworks",
				);
				PRODUCT_BUNDLE_IDENTIFIER = im.cantonese.JyutpingUITests;
				PRODUCT_NAME = "$(TARGET_NAME)";
				PROVISIONING_PROFILE_SPECIFIER = "";
				"PROVISIONING_PROFILE_SPECIFIER[sdk=macosx*]" = "";
				SWIFT_VERSION = 5.0;
				TARGETED_DEVICE_FAMILY = "1,2";
				TEST_TARGET_NAME = Jyutping;
			};
			name = Release;
		};
		3759F458262FBA0500266086 /* Debug */ = {
			isa = XCBuildConfiguration;
			buildSettings = {
				CLANG_ENABLE_MODULES = YES;
				CODE_SIGN_IDENTITY = "Apple Development";
				CODE_SIGN_STYLE = Manual;
				CURRENT_PROJECT_VERSION = 53;
				DEVELOPMENT_TEAM = "";
				INFOPLIST_FILE = Keyboard/Info.plist;
				IPHONEOS_DEPLOYMENT_TARGET = 13.0;
				LD_RUNPATH_SEARCH_PATHS = (
					"$(inherited)",
					"@executable_path/Frameworks",
					"@executable_path/../../Frameworks",
				);
				MARKETING_VERSION = 0.7.6;
				PRODUCT_BUNDLE_IDENTIFIER = im.cantonese.CantoneseIM.Keyboard;
				PRODUCT_NAME = "$(TARGET_NAME)";
				PROVISIONING_PROFILE_SPECIFIER = "";
				SKIP_INSTALL = YES;
				SWIFT_OPTIMIZATION_LEVEL = "-Onone";
				SWIFT_VERSION = 5.0;
				TARGETED_DEVICE_FAMILY = "1,2";
			};
			name = Debug;
		};
		3759F459262FBA0500266086 /* Release */ = {
			isa = XCBuildConfiguration;
			buildSettings = {
				CLANG_ENABLE_MODULES = YES;
				CODE_SIGN_IDENTITY = "Apple Development";
				CODE_SIGN_STYLE = Manual;
				CURRENT_PROJECT_VERSION = 53;
				DEVELOPMENT_TEAM = "";
				INFOPLIST_FILE = Keyboard/Info.plist;
				IPHONEOS_DEPLOYMENT_TARGET = 13.0;
				LD_RUNPATH_SEARCH_PATHS = (
					"$(inherited)",
					"@executable_path/Frameworks",
					"@executable_path/../../Frameworks",
				);
				MARKETING_VERSION = 0.7.6;
				PRODUCT_BUNDLE_IDENTIFIER = im.cantonese.CantoneseIM.Keyboard;
				PRODUCT_NAME = "$(TARGET_NAME)";
				PROVISIONING_PROFILE_SPECIFIER = "";
				SKIP_INSTALL = YES;
				SWIFT_VERSION = 5.0;
				TARGETED_DEVICE_FAMILY = "1,2";
			};
			name = Release;
		};
/* End XCBuildConfiguration section */

/* Begin XCConfigurationList section */
		3759F413262FB65C00266086 /* Build configuration list for PBXProject "Jyutping" */ = {
			isa = XCConfigurationList;
			buildConfigurations = (
				3759F440262FB65D00266086 /* Debug */,
				3759F441262FB65D00266086 /* Release */,
			);
			defaultConfigurationIsVisible = 0;
			defaultConfigurationName = Release;
		};
		3759F442262FB65D00266086 /* Build configuration list for PBXNativeTarget "Jyutping" */ = {
			isa = XCConfigurationList;
			buildConfigurations = (
				3759F443262FB65D00266086 /* Debug */,
				3759F444262FB65D00266086 /* Release */,
			);
			defaultConfigurationIsVisible = 0;
			defaultConfigurationName = Release;
		};
		3759F445262FB65D00266086 /* Build configuration list for PBXNativeTarget "JyutpingTests" */ = {
			isa = XCConfigurationList;
			buildConfigurations = (
				3759F446262FB65D00266086 /* Debug */,
				3759F447262FB65D00266086 /* Release */,
			);
			defaultConfigurationIsVisible = 0;
			defaultConfigurationName = Release;
		};
		3759F448262FB65D00266086 /* Build configuration list for PBXNativeTarget "JyutpingUITests" */ = {
			isa = XCConfigurationList;
			buildConfigurations = (
				3759F449262FB65D00266086 /* Debug */,
				3759F44A262FB65D00266086 /* Release */,
			);
			defaultConfigurationIsVisible = 0;
			defaultConfigurationName = Release;
		};
		3759F45A262FBA0500266086 /* Build configuration list for PBXNativeTarget "Keyboard" */ = {
			isa = XCConfigurationList;
			buildConfigurations = (
				3759F458262FBA0500266086 /* Debug */,
				3759F459262FBA0500266086 /* Release */,
			);
			defaultConfigurationIsVisible = 0;
			defaultConfigurationName = Release;
		};
/* End XCConfigurationList section */

/* Begin XCRemoteSwiftPackageReference section */
		3759F497262FC6DB00266086 /* XCRemoteSwiftPackageReference "OpenCCLite" */ = {
			isa = XCRemoteSwiftPackageReference;
			repositoryURL = "https://github.com/ososoio/OpenCCLite.git";
			requirement = {
				kind = exactVersion;
				version = 0.1.3;
			};
		};
/* End XCRemoteSwiftPackageReference section */

/* Begin XCSwiftPackageProductDependency section */
		3759F462262FBF3800266086 /* JyutpingProvider */ = {
			isa = XCSwiftPackageProductDependency;
			productName = JyutpingProvider;
		};
		3759F465262FBF7100266086 /* KeyboardDataProvider */ = {
			isa = XCSwiftPackageProductDependency;
			productName = KeyboardDataProvider;
		};
		3759F498262FC6DB00266086 /* OpenCCLite */ = {
			isa = XCSwiftPackageProductDependency;
			package = 3759F497262FC6DB00266086 /* XCRemoteSwiftPackageReference "OpenCCLite" */;
			productName = OpenCCLite;
		};
/* End XCSwiftPackageProductDependency section */
	};
	rootObject = 3759F410262FB65C00266086 /* Project object */;
}
